// !$*UTF8*$!
{
	archiveVersion = 1;
	classes = {
	};
	objectVersion = 51;
	objects = {

/* Begin PBXBuildFile section */
		1A29FACF22AF3B6B0014AEE0 /* SourcesViewModel.swift in Sources */ = {isa = PBXBuildFile; fileRef = 1A29FACE22AF3B6B0014AEE0 /* SourcesViewModel.swift */; };
		1A29FAD122AF3CEF0014AEE0 /* SourcesViewController.swift in Sources */ = {isa = PBXBuildFile; fileRef = 1A29FAD022AF3CEF0014AEE0 /* SourcesViewController.swift */; };
		1A29FAD422AF3FDD0014AEE0 /* SourcesViewState.swift in Sources */ = {isa = PBXBuildFile; fileRef = 1A29FAD322AF3FDD0014AEE0 /* SourcesViewState.swift */; };
		1A29FAD622AF457A0014AEE0 /* SourceCell.swift in Sources */ = {isa = PBXBuildFile; fileRef = 1A29FAD522AF457A0014AEE0 /* SourceCell.swift */; };
		1A29FAD822AF47070014AEE0 /* SourcesResponse.swift in Sources */ = {isa = PBXBuildFile; fileRef = 1A29FAD722AF47070014AEE0 /* SourcesResponse.swift */; };
		1A6F3099221A040400980262 /* NewsFramework.framework in Frameworks */ = {isa = PBXBuildFile; fileRef = 1A6F3090221A040400980262 /* NewsFramework.framework */; };
		1A6F30A0221A040400980262 /* NewsFrameworkTests.swift in Sources */ = {isa = PBXBuildFile; fileRef = 1A6F309F221A040400980262 /* NewsFrameworkTests.swift */; };
		1A6F30A2221A040400980262 /* NewsFramework.h in Headers */ = {isa = PBXBuildFile; fileRef = 1A6F3092221A040400980262 /* NewsFramework.h */; settings = {ATTRIBUTES = (Public, ); }; };
		1A6F30A5221A040400980262 /* NewsFramework.framework in Frameworks */ = {isa = PBXBuildFile; fileRef = 1A6F3090221A040400980262 /* NewsFramework.framework */; };
		1A6F30A6221A040400980262 /* NewsFramework.framework in Embed Frameworks */ = {isa = PBXBuildFile; fileRef = 1A6F3090221A040400980262 /* NewsFramework.framework */; settings = {ATTRIBUTES = (CodeSignOnCopy, RemoveHeadersOnCopy, ); }; };
		1A6F30E5221A052100980262 /* CacheType.swift in Sources */ = {isa = PBXBuildFile; fileRef = 1A6F30B0221A052100980262 /* CacheType.swift */; };
		1A6F30E6221A052100980262 /* MemoryCache.swift in Sources */ = {isa = PBXBuildFile; fileRef = 1A6F30B1221A052100980262 /* MemoryCache.swift */; };
		1A6F30E7221A052100980262 /* Cacheable.swift in Sources */ = {isa = PBXBuildFile; fileRef = 1A6F30B2221A052100980262 /* Cacheable.swift */; };
		1A6F30E8221A052100980262 /* ViewCounter.swift in Sources */ = {isa = PBXBuildFile; fileRef = 1A6F30B4221A052100980262 /* ViewCounter.swift */; };
		1A6F30E9221A052100980262 /* ViewCounterType.swift in Sources */ = {isa = PBXBuildFile; fileRef = 1A6F30B5221A052100980262 /* ViewCounterType.swift */; };
		1A6F30EA221A052100980262 /* FeatureFlaggerType.swift in Sources */ = {isa = PBXBuildFile; fileRef = 1A6F30B7221A052100980262 /* FeatureFlaggerType.swift */; };
		1A6F30EB221A052100980262 /* FeatureFlag.swift in Sources */ = {isa = PBXBuildFile; fileRef = 1A6F30B8221A052100980262 /* FeatureFlag.swift */; };
		1A6F30EC221A052100980262 /* FeatureFlagger.swift in Sources */ = {isa = PBXBuildFile; fileRef = 1A6F30B9221A052100980262 /* FeatureFlagger.swift */; };
		1A6F30ED221A052100980262 /* SingleSectionModel.swift in Sources */ = {isa = PBXBuildFile; fileRef = 1A6F30BB221A052100980262 /* SingleSectionModel.swift */; };
		1A6F30EE221A052100980262 /* UITableView+Register.swift in Sources */ = {isa = PBXBuildFile; fileRef = 1A6F30BC221A052100980262 /* UITableView+Register.swift */; };
		1A6F30EF221A052100980262 /* StringHelper.swift in Sources */ = {isa = PBXBuildFile; fileRef = 1A6F30BD221A052100980262 /* StringHelper.swift */; };
		1A6F30F0221A052100980262 /* CoordinatorType.swift in Sources */ = {isa = PBXBuildFile; fileRef = 1A6F30BF221A052100980262 /* CoordinatorType.swift */; };
		1A6F30F1221A052100980262 /* ViewModel.swift in Sources */ = {isa = PBXBuildFile; fileRef = 1A6F30C0221A052100980262 /* ViewModel.swift */; };
		1A6F30F3221A052100980262 /* TopHeadlinesReponse.swift in Sources */ = {isa = PBXBuildFile; fileRef = 1A6F30C4221A052100980262 /* TopHeadlinesReponse.swift */; };
		1A6F30F4221A052100980262 /* Networking.swift in Sources */ = {isa = PBXBuildFile; fileRef = 1A6F30C5221A052100980262 /* Networking.swift */; };
		1A6F30F5221A052100980262 /* TopHeadlinesRequest.swift in Sources */ = {isa = PBXBuildFile; fileRef = 1A6F30C7221A052100980262 /* TopHeadlinesRequest.swift */; };
		1A6F30F6221A052100980262 /* NewsApi.swift in Sources */ = {isa = PBXBuildFile; fileRef = 1A6F30C8221A052100980262 /* NewsApi.swift */; };
		1A6F30F7221A052100980262 /* Prelude.swift in Sources */ = {isa = PBXBuildFile; fileRef = 1A6F30CA221A052100980262 /* Prelude.swift */; };
		1A6F30F8221A052100980262 /* Lens.swift in Sources */ = {isa = PBXBuildFile; fileRef = 1A6F30CB221A052100980262 /* Lens.swift */; };
		1A6F30F9221A052100980262 /* Source.swift in Sources */ = {isa = PBXBuildFile; fileRef = 1A6F30CD221A052100980262 /* Source.swift */; };
		1A6F30FB221A052100980262 /* Article.swift in Sources */ = {isa = PBXBuildFile; fileRef = 1A6F30CF221A052100980262 /* Article.swift */; };
		1A6F30FC221A052100980262 /* ArticleListViewModel.swift in Sources */ = {isa = PBXBuildFile; fileRef = 1A6F30D3221A052100980262 /* ArticleListViewModel.swift */; };
		1A6F30FD221A052100980262 /* ArticleListViewController.swift in Sources */ = {isa = PBXBuildFile; fileRef = 1A6F30D4221A052100980262 /* ArticleListViewController.swift */; };
		1A6F30FF221A052100980262 /* ArticleListViewState.swift in Sources */ = {isa = PBXBuildFile; fileRef = 1A6F30D6221A052100980262 /* ArticleListViewState.swift */; };
		1A6F3101221A052100980262 /* ArticleDetailViewController.swift in Sources */ = {isa = PBXBuildFile; fileRef = 1A6F30D9221A052100980262 /* ArticleDetailViewController.swift */; };
		1A6F3102221A052100980262 /* ArticleDetailViewModel.swift in Sources */ = {isa = PBXBuildFile; fileRef = 1A6F30DA221A052100980262 /* ArticleDetailViewModel.swift */; };
		1A6F3103221A052100980262 /* RootCoordinator.swift in Sources */ = {isa = PBXBuildFile; fileRef = 1A6F30DB221A052100980262 /* RootCoordinator.swift */; };
		1A6F3104221A052100980262 /* ArticleCell.swift in Sources */ = {isa = PBXBuildFile; fileRef = 1A6F30DE221A052100980262 /* ArticleCell.swift */; };
		1A6F3105221A052100980262 /* ArticleViewCell.swift in Sources */ = {isa = PBXBuildFile; fileRef = 1A6F30DF221A052100980262 /* ArticleViewCell.swift */; };
		1A6F3106221A052100980262 /* ErrorCell.swift in Sources */ = {isa = PBXBuildFile; fileRef = 1A6F30E0221A052100980262 /* ErrorCell.swift */; };
		1A6F3107221A052100980262 /* LoadingCell.swift in Sources */ = {isa = PBXBuildFile; fileRef = 1A6F30E1221A052100980262 /* LoadingCell.swift */; };
		1A6F3109221A052100980262 /* Secrets.swift.example in Resources */ = {isa = PBXBuildFile; fileRef = 1A6F30E4221A052100980262 /* Secrets.swift.example */; };
		1A6F310B221A0B0200980262 /* Platform.swift in Sources */ = {isa = PBXBuildFile; fileRef = 1A6F310A221A0B0200980262 /* Platform.swift */; };
		1A6F311B221A0B6A00980262 /* Networking+Stubbing.swift in Sources */ = {isa = PBXBuildFile; fileRef = 1A6F310D221A0B6A00980262 /* Networking+Stubbing.swift */; };
		1A6F311C221A0B6A00980262 /* SourceSpec.swift in Sources */ = {isa = PBXBuildFile; fileRef = 1A6F310F221A0B6A00980262 /* SourceSpec.swift */; };
		1A6F311D221A0B6A00980262 /* ArticleSpec.swift in Sources */ = {isa = PBXBuildFile; fileRef = 1A6F3110221A0B6A00980262 /* ArticleSpec.swift */; };
		1A6F311E221A0B6A00980262 /* ArticleListViewModelSpec.swift in Sources */ = {isa = PBXBuildFile; fileRef = 1A6F3114221A0B6A00980262 /* ArticleListViewModelSpec.swift */; };
		1A6F311F221A0B6A00980262 /* ArticleDetailViewModelSpec.swift in Sources */ = {isa = PBXBuildFile; fileRef = 1A6F3116221A0B6A00980262 /* ArticleDetailViewModelSpec.swift */; };
		1A6F3120221A0B6A00980262 /* Article+Fixtures.swift in Sources */ = {isa = PBXBuildFile; fileRef = 1A6F3118221A0B6A00980262 /* Article+Fixtures.swift */; };
		1A6F3121221A0B6A00980262 /* TopHeadlinesResponse+Fixtures.swift in Sources */ = {isa = PBXBuildFile; fileRef = 1A6F3119221A0B6A00980262 /* TopHeadlinesResponse+Fixtures.swift */; };
		1A6F3122221A0B6A00980262 /* Source+Fixtures.swift in Sources */ = {isa = PBXBuildFile; fileRef = 1A6F311A221A0B6A00980262 /* Source+Fixtures.swift */; };
		1A6F3124221A10FF00980262 /* Secrets.swift in Sources */ = {isa = PBXBuildFile; fileRef = 1A6F3123221A10FE00980262 /* Secrets.swift */; };
		1A6F3127221A1A1C00980262 /* Fonts.swift in Sources */ = {isa = PBXBuildFile; fileRef = 1A6F3126221A1A1C00980262 /* Fonts.swift */; };
		1A6F3129221A1AC400980262 /* Colors.swift in Sources */ = {isa = PBXBuildFile; fileRef = 1A6F3128221A1AC400980262 /* Colors.swift */; };
		1A6F312B221A395700980262 /* Labels.swift in Sources */ = {isa = PBXBuildFile; fileRef = 1A6F312A221A395700980262 /* Labels.swift */; };
		1A83C0A922D6CA2000F41DFD /* AutoLenses.swift in Sources */ = {isa = PBXBuildFile; fileRef = 1A83C0A822D6CA2000F41DFD /* AutoLenses.swift */; };
		1A83C0B322D6CA9C00F41DFD /* Prelude.h in Headers */ = {isa = PBXBuildFile; fileRef = 1A83C0B122D6CA9C00F41DFD /* Prelude.h */; settings = {ATTRIBUTES = (Public, ); }; };
		1A83C0B622D6CA9C00F41DFD /* Prelude.framework in Frameworks */ = {isa = PBXBuildFile; fileRef = 1A83C0AF22D6CA9B00F41DFD /* Prelude.framework */; };
		1A83C0B722D6CA9C00F41DFD /* Prelude.framework in Embed Frameworks */ = {isa = PBXBuildFile; fileRef = 1A83C0AF22D6CA9B00F41DFD /* Prelude.framework */; settings = {ATTRIBUTES = (CodeSignOnCopy, RemoveHeadersOnCopy, ); }; };
		1A83C0BC22D6CAB000F41DFD /* AutoLenses.generated.swift in Sources */ = {isa = PBXBuildFile; fileRef = 1A83C0BB22D6CAAF00F41DFD /* AutoLenses.generated.swift */; };
		1A8A47D71DED1F5800F408C5 /* AppDelegate.swift in Sources */ = {isa = PBXBuildFile; fileRef = 1A8A47D61DED1F5800F408C5 /* AppDelegate.swift */; };
		1AEC31E1221A491100B3D372 /* Sizing.swift in Sources */ = {isa = PBXBuildFile; fileRef = 1AEC31E0221A491100B3D372 /* Sizing.swift */; };
		2EF0201F217D24B3005BFFEF /* Assets.xcassets in Resources */ = {isa = PBXBuildFile; fileRef = 2EF0201C217D24B3005BFFEF /* Assets.xcassets */; };
		2EF02020217D24B3005BFFEF /* LaunchScreen.storyboard in Resources */ = {isa = PBXBuildFile; fileRef = 2EF0201D217D24B3005BFFEF /* LaunchScreen.storyboard */; };
		55D6AF0587BFDB059CE29777 /* Pods_News.framework in Frameworks */ = {isa = PBXBuildFile; fileRef = FB4AA945E148C68FD216AF65 /* Pods_News.framework */; };
		B5D9E3FC172FBAE5D795EE36 /* Pods_NewsFrameworkTests.framework in Frameworks */ = {isa = PBXBuildFile; fileRef = F6A2677A05214809DF5CA6E5 /* Pods_NewsFrameworkTests.framework */; };
		C323DE2796AF1F2EA812EE19 /* Pods_NewsFramework.framework in Frameworks */ = {isa = PBXBuildFile; fileRef = EAEC144758E99776EF57C831 /* Pods_NewsFramework.framework */; };
/* End PBXBuildFile section */

/* Begin PBXContainerItemProxy section */
		1A6F309A221A040400980262 /* PBXContainerItemProxy */ = {
			isa = PBXContainerItemProxy;
			containerPortal = 1A8A47CB1DED1F5800F408C5 /* Project object */;
			proxyType = 1;
			remoteGlobalIDString = 1A6F308F221A040400980262;
			remoteInfo = NewsFramework;
		};
		1A6F309C221A040400980262 /* PBXContainerItemProxy */ = {
			isa = PBXContainerItemProxy;
			containerPortal = 1A8A47CB1DED1F5800F408C5 /* Project object */;
			proxyType = 1;
			remoteGlobalIDString = 1A8A47D21DED1F5800F408C5;
			remoteInfo = News;
		};
		1A6F30A3221A040400980262 /* PBXContainerItemProxy */ = {
			isa = PBXContainerItemProxy;
			containerPortal = 1A8A47CB1DED1F5800F408C5 /* Project object */;
			proxyType = 1;
			remoteGlobalIDString = 1A6F308F221A040400980262;
			remoteInfo = NewsFramework;
		};
		1A83C0B422D6CA9C00F41DFD /* PBXContainerItemProxy */ = {
			isa = PBXContainerItemProxy;
			containerPortal = 1A8A47CB1DED1F5800F408C5 /* Project object */;
			proxyType = 1;
			remoteGlobalIDString = 1A83C0AE22D6CA9B00F41DFD;
			remoteInfo = Prelude;
		};
/* End PBXContainerItemProxy section */

/* Begin PBXCopyFilesBuildPhase section */
		1A6F30AA221A040400980262 /* Embed Frameworks */ = {
			isa = PBXCopyFilesBuildPhase;
			buildActionMask = 2147483647;
			dstPath = "";
			dstSubfolderSpec = 10;
			files = (
				1A83C0B722D6CA9C00F41DFD /* Prelude.framework in Embed Frameworks */,
				1A6F30A6221A040400980262 /* NewsFramework.framework in Embed Frameworks */,
			);
			name = "Embed Frameworks";
			runOnlyForDeploymentPostprocessing = 0;
		};
/* End PBXCopyFilesBuildPhase section */

/* Begin PBXFileReference section */
		0F2491B5691101B9621716A2 /* Pods-NewsTests.debug.xcconfig */ = {isa = PBXFileReference; includeInIndex = 1; lastKnownFileType = text.xcconfig; name = "Pods-NewsTests.debug.xcconfig"; path = "Pods/Target Support Files/Pods-NewsTests/Pods-NewsTests.debug.xcconfig"; sourceTree = "<group>"; };
		1008F923FBB96A6E8F88FC8A /* Pods-NewsTests.release.xcconfig */ = {isa = PBXFileReference; includeInIndex = 1; lastKnownFileType = text.xcconfig; name = "Pods-NewsTests.release.xcconfig"; path = "Pods/Target Support Files/Pods-NewsTests/Pods-NewsTests.release.xcconfig"; sourceTree = "<group>"; };
		1A29FACE22AF3B6B0014AEE0 /* SourcesViewModel.swift */ = {isa = PBXFileReference; lastKnownFileType = sourcecode.swift; path = SourcesViewModel.swift; sourceTree = "<group>"; };
		1A29FAD022AF3CEF0014AEE0 /* SourcesViewController.swift */ = {isa = PBXFileReference; lastKnownFileType = sourcecode.swift; path = SourcesViewController.swift; sourceTree = "<group>"; };
		1A29FAD322AF3FDD0014AEE0 /* SourcesViewState.swift */ = {isa = PBXFileReference; lastKnownFileType = sourcecode.swift; path = SourcesViewState.swift; sourceTree = "<group>"; };
		1A29FAD522AF457A0014AEE0 /* SourceCell.swift */ = {isa = PBXFileReference; lastKnownFileType = sourcecode.swift; path = SourceCell.swift; sourceTree = "<group>"; };
		1A29FAD722AF47070014AEE0 /* SourcesResponse.swift */ = {isa = PBXFileReference; lastKnownFileType = sourcecode.swift; path = SourcesResponse.swift; sourceTree = "<group>"; };
		1A6F3090221A040400980262 /* NewsFramework.framework */ = {isa = PBXFileReference; explicitFileType = wrapper.framework; includeInIndex = 0; path = NewsFramework.framework; sourceTree = BUILT_PRODUCTS_DIR; };
		1A6F3092221A040400980262 /* NewsFramework.h */ = {isa = PBXFileReference; lastKnownFileType = sourcecode.c.h; path = NewsFramework.h; sourceTree = "<group>"; };
		1A6F3093221A040400980262 /* Info.plist */ = {isa = PBXFileReference; lastKnownFileType = text.plist.xml; path = Info.plist; sourceTree = "<group>"; };
		1A6F3098221A040400980262 /* NewsFrameworkTests.xctest */ = {isa = PBXFileReference; explicitFileType = wrapper.cfbundle; includeInIndex = 0; path = NewsFrameworkTests.xctest; sourceTree = BUILT_PRODUCTS_DIR; };
		1A6F309F221A040400980262 /* NewsFrameworkTests.swift */ = {isa = PBXFileReference; lastKnownFileType = sourcecode.swift; path = NewsFrameworkTests.swift; sourceTree = "<group>"; };
		1A6F30A1221A040400980262 /* Info.plist */ = {isa = PBXFileReference; lastKnownFileType = text.plist.xml; path = Info.plist; sourceTree = "<group>"; };
		1A6F30B0221A052100980262 /* CacheType.swift */ = {isa = PBXFileReference; fileEncoding = 4; lastKnownFileType = sourcecode.swift; path = CacheType.swift; sourceTree = "<group>"; };
		1A6F30B1221A052100980262 /* MemoryCache.swift */ = {isa = PBXFileReference; fileEncoding = 4; lastKnownFileType = sourcecode.swift; path = MemoryCache.swift; sourceTree = "<group>"; };
		1A6F30B2221A052100980262 /* Cacheable.swift */ = {isa = PBXFileReference; fileEncoding = 4; lastKnownFileType = sourcecode.swift; path = Cacheable.swift; sourceTree = "<group>"; };
		1A6F30B4221A052100980262 /* ViewCounter.swift */ = {isa = PBXFileReference; fileEncoding = 4; lastKnownFileType = sourcecode.swift; path = ViewCounter.swift; sourceTree = "<group>"; };
		1A6F30B5221A052100980262 /* ViewCounterType.swift */ = {isa = PBXFileReference; fileEncoding = 4; lastKnownFileType = sourcecode.swift; path = ViewCounterType.swift; sourceTree = "<group>"; };
		1A6F30B7221A052100980262 /* FeatureFlaggerType.swift */ = {isa = PBXFileReference; fileEncoding = 4; lastKnownFileType = sourcecode.swift; path = FeatureFlaggerType.swift; sourceTree = "<group>"; };
		1A6F30B8221A052100980262 /* FeatureFlag.swift */ = {isa = PBXFileReference; fileEncoding = 4; lastKnownFileType = sourcecode.swift; path = FeatureFlag.swift; sourceTree = "<group>"; };
		1A6F30B9221A052100980262 /* FeatureFlagger.swift */ = {isa = PBXFileReference; fileEncoding = 4; lastKnownFileType = sourcecode.swift; path = FeatureFlagger.swift; sourceTree = "<group>"; };
		1A6F30BB221A052100980262 /* SingleSectionModel.swift */ = {isa = PBXFileReference; fileEncoding = 4; lastKnownFileType = sourcecode.swift; path = SingleSectionModel.swift; sourceTree = "<group>"; };
		1A6F30BC221A052100980262 /* UITableView+Register.swift */ = {isa = PBXFileReference; fileEncoding = 4; lastKnownFileType = sourcecode.swift; path = "UITableView+Register.swift"; sourceTree = "<group>"; };
		1A6F30BD221A052100980262 /* StringHelper.swift */ = {isa = PBXFileReference; fileEncoding = 4; lastKnownFileType = sourcecode.swift; path = StringHelper.swift; sourceTree = "<group>"; };
		1A6F30BF221A052100980262 /* CoordinatorType.swift */ = {isa = PBXFileReference; fileEncoding = 4; lastKnownFileType = sourcecode.swift; path = CoordinatorType.swift; sourceTree = "<group>"; };
		1A6F30C0221A052100980262 /* ViewModel.swift */ = {isa = PBXFileReference; fileEncoding = 4; lastKnownFileType = sourcecode.swift; path = ViewModel.swift; sourceTree = "<group>"; };
		1A6F30C4221A052100980262 /* TopHeadlinesReponse.swift */ = {isa = PBXFileReference; fileEncoding = 4; lastKnownFileType = sourcecode.swift; path = TopHeadlinesReponse.swift; sourceTree = "<group>"; };
		1A6F30C5221A052100980262 /* Networking.swift */ = {isa = PBXFileReference; fileEncoding = 4; lastKnownFileType = sourcecode.swift; path = Networking.swift; sourceTree = "<group>"; };
		1A6F30C7221A052100980262 /* TopHeadlinesRequest.swift */ = {isa = PBXFileReference; fileEncoding = 4; lastKnownFileType = sourcecode.swift; path = TopHeadlinesRequest.swift; sourceTree = "<group>"; };
		1A6F30C8221A052100980262 /* NewsApi.swift */ = {isa = PBXFileReference; fileEncoding = 4; lastKnownFileType = sourcecode.swift; path = NewsApi.swift; sourceTree = "<group>"; };
		1A6F30CA221A052100980262 /* Prelude.swift */ = {isa = PBXFileReference; fileEncoding = 4; lastKnownFileType = sourcecode.swift; path = Prelude.swift; sourceTree = "<group>"; };
		1A6F30CB221A052100980262 /* Lens.swift */ = {isa = PBXFileReference; fileEncoding = 4; lastKnownFileType = sourcecode.swift; path = Lens.swift; sourceTree = "<group>"; };
		1A6F30CD221A052100980262 /* Source.swift */ = {isa = PBXFileReference; fileEncoding = 4; lastKnownFileType = sourcecode.swift; path = Source.swift; sourceTree = "<group>"; };
		1A6F30CF221A052100980262 /* Article.swift */ = {isa = PBXFileReference; fileEncoding = 4; lastKnownFileType = sourcecode.swift; path = Article.swift; sourceTree = "<group>"; };
		1A6F30D3221A052100980262 /* ArticleListViewModel.swift */ = {isa = PBXFileReference; fileEncoding = 4; lastKnownFileType = sourcecode.swift; path = ArticleListViewModel.swift; sourceTree = "<group>"; };
		1A6F30D4221A052100980262 /* ArticleListViewController.swift */ = {isa = PBXFileReference; fileEncoding = 4; lastKnownFileType = sourcecode.swift; path = ArticleListViewController.swift; sourceTree = "<group>"; };
		1A6F30D6221A052100980262 /* ArticleListViewState.swift */ = {isa = PBXFileReference; fileEncoding = 4; lastKnownFileType = sourcecode.swift; path = ArticleListViewState.swift; sourceTree = "<group>"; };
		1A6F30D9221A052100980262 /* ArticleDetailViewController.swift */ = {isa = PBXFileReference; fileEncoding = 4; lastKnownFileType = sourcecode.swift; path = ArticleDetailViewController.swift; sourceTree = "<group>"; };
		1A6F30DA221A052100980262 /* ArticleDetailViewModel.swift */ = {isa = PBXFileReference; fileEncoding = 4; lastKnownFileType = sourcecode.swift; path = ArticleDetailViewModel.swift; sourceTree = "<group>"; };
		1A6F30DB221A052100980262 /* RootCoordinator.swift */ = {isa = PBXFileReference; fileEncoding = 4; lastKnownFileType = sourcecode.swift; path = RootCoordinator.swift; sourceTree = "<group>"; };
		1A6F30DE221A052100980262 /* ArticleCell.swift */ = {isa = PBXFileReference; fileEncoding = 4; lastKnownFileType = sourcecode.swift; path = ArticleCell.swift; sourceTree = "<group>"; };
		1A6F30DF221A052100980262 /* ArticleViewCell.swift */ = {isa = PBXFileReference; fileEncoding = 4; lastKnownFileType = sourcecode.swift; path = ArticleViewCell.swift; sourceTree = "<group>"; };
		1A6F30E0221A052100980262 /* ErrorCell.swift */ = {isa = PBXFileReference; fileEncoding = 4; lastKnownFileType = sourcecode.swift; path = ErrorCell.swift; sourceTree = "<group>"; };
		1A6F30E1221A052100980262 /* LoadingCell.swift */ = {isa = PBXFileReference; fileEncoding = 4; lastKnownFileType = sourcecode.swift; path = LoadingCell.swift; sourceTree = "<group>"; };
		1A6F30E4221A052100980262 /* Secrets.swift.example */ = {isa = PBXFileReference; fileEncoding = 4; lastKnownFileType = text; path = Secrets.swift.example; sourceTree = "<group>"; };
		1A6F310A221A0B0200980262 /* Platform.swift */ = {isa = PBXFileReference; lastKnownFileType = sourcecode.swift; path = Platform.swift; sourceTree = "<group>"; };
		1A6F310D221A0B6A00980262 /* Networking+Stubbing.swift */ = {isa = PBXFileReference; fileEncoding = 4; lastKnownFileType = sourcecode.swift; path = "Networking+Stubbing.swift"; sourceTree = "<group>"; };
		1A6F310F221A0B6A00980262 /* SourceSpec.swift */ = {isa = PBXFileReference; fileEncoding = 4; lastKnownFileType = sourcecode.swift; path = SourceSpec.swift; sourceTree = "<group>"; };
		1A6F3110221A0B6A00980262 /* ArticleSpec.swift */ = {isa = PBXFileReference; fileEncoding = 4; lastKnownFileType = sourcecode.swift; path = ArticleSpec.swift; sourceTree = "<group>"; };
		1A6F3114221A0B6A00980262 /* ArticleListViewModelSpec.swift */ = {isa = PBXFileReference; fileEncoding = 4; lastKnownFileType = sourcecode.swift; path = ArticleListViewModelSpec.swift; sourceTree = "<group>"; };
		1A6F3116221A0B6A00980262 /* ArticleDetailViewModelSpec.swift */ = {isa = PBXFileReference; fileEncoding = 4; lastKnownFileType = sourcecode.swift; path = ArticleDetailViewModelSpec.swift; sourceTree = "<group>"; };
		1A6F3118221A0B6A00980262 /* Article+Fixtures.swift */ = {isa = PBXFileReference; fileEncoding = 4; lastKnownFileType = sourcecode.swift; path = "Article+Fixtures.swift"; sourceTree = "<group>"; };
		1A6F3119221A0B6A00980262 /* TopHeadlinesResponse+Fixtures.swift */ = {isa = PBXFileReference; fileEncoding = 4; lastKnownFileType = sourcecode.swift; path = "TopHeadlinesResponse+Fixtures.swift"; sourceTree = "<group>"; };
		1A6F311A221A0B6A00980262 /* Source+Fixtures.swift */ = {isa = PBXFileReference; fileEncoding = 4; lastKnownFileType = sourcecode.swift; path = "Source+Fixtures.swift"; sourceTree = "<group>"; };
		1A6F3123221A10FE00980262 /* Secrets.swift */ = {isa = PBXFileReference; fileEncoding = 4; lastKnownFileType = sourcecode.swift; path = Secrets.swift; sourceTree = "<group>"; };
		1A6F3126221A1A1C00980262 /* Fonts.swift */ = {isa = PBXFileReference; lastKnownFileType = sourcecode.swift; path = Fonts.swift; sourceTree = "<group>"; };
		1A6F3128221A1AC400980262 /* Colors.swift */ = {isa = PBXFileReference; lastKnownFileType = sourcecode.swift; path = Colors.swift; sourceTree = "<group>"; };
		1A6F312A221A395700980262 /* Labels.swift */ = {isa = PBXFileReference; lastKnownFileType = sourcecode.swift; path = Labels.swift; sourceTree = "<group>"; };
		1A83C0A822D6CA2000F41DFD /* AutoLenses.swift */ = {isa = PBXFileReference; lastKnownFileType = sourcecode.swift; path = AutoLenses.swift; sourceTree = "<group>"; };
		1A83C0AF22D6CA9B00F41DFD /* Prelude.framework */ = {isa = PBXFileReference; explicitFileType = wrapper.framework; includeInIndex = 0; path = Prelude.framework; sourceTree = BUILT_PRODUCTS_DIR; };
		1A83C0B122D6CA9C00F41DFD /* Prelude.h */ = {isa = PBXFileReference; lastKnownFileType = sourcecode.c.h; path = Prelude.h; sourceTree = "<group>"; };
		1A83C0B222D6CA9C00F41DFD /* Info.plist */ = {isa = PBXFileReference; lastKnownFileType = text.plist.xml; path = Info.plist; sourceTree = "<group>"; };
		1A83C0BB22D6CAAF00F41DFD /* AutoLenses.generated.swift */ = {isa = PBXFileReference; fileEncoding = 4; lastKnownFileType = sourcecode.swift; path = AutoLenses.generated.swift; sourceTree = "<group>"; };
		1A8A47D31DED1F5800F408C5 /* News.app */ = {isa = PBXFileReference; explicitFileType = wrapper.application; includeInIndex = 0; path = News.app; sourceTree = BUILT_PRODUCTS_DIR; };
		1A8A47D61DED1F5800F408C5 /* AppDelegate.swift */ = {isa = PBXFileReference; lastKnownFileType = sourcecode.swift; path = AppDelegate.swift; sourceTree = "<group>"; };
		1A8A47E21DED1F5800F408C5 /* Info.plist */ = {isa = PBXFileReference; lastKnownFileType = text.plist.xml; path = Info.plist; sourceTree = "<group>"; };
		1AEC31E0221A491100B3D372 /* Sizing.swift */ = {isa = PBXFileReference; lastKnownFileType = sourcecode.swift; path = Sizing.swift; sourceTree = "<group>"; };
		1FEA26ED6590535C70716E78 /* Pods-NewsUI.debug.xcconfig */ = {isa = PBXFileReference; includeInIndex = 1; lastKnownFileType = text.xcconfig; name = "Pods-NewsUI.debug.xcconfig"; path = "Pods/Target Support Files/Pods-NewsUI/Pods-NewsUI.debug.xcconfig"; sourceTree = "<group>"; };
		28AABB861DE06B7AFE189164 /* Pods-News.debug.xcconfig */ = {isa = PBXFileReference; includeInIndex = 1; lastKnownFileType = text.xcconfig; name = "Pods-News.debug.xcconfig"; path = "Pods/Target Support Files/Pods-News/Pods-News.debug.xcconfig"; sourceTree = "<group>"; };
		29CDAB0D3F7FE05D4F3C5471 /* Pods-NewsUI.release.xcconfig */ = {isa = PBXFileReference; includeInIndex = 1; lastKnownFileType = text.xcconfig; name = "Pods-NewsUI.release.xcconfig"; path = "Pods/Target Support Files/Pods-NewsUI/Pods-NewsUI.release.xcconfig"; sourceTree = "<group>"; };
		2EF0201C217D24B3005BFFEF /* Assets.xcassets */ = {isa = PBXFileReference; lastKnownFileType = folder.assetcatalog; path = Assets.xcassets; sourceTree = "<group>"; };
		2EF0201E217D24B3005BFFEF /* Base */ = {isa = PBXFileReference; lastKnownFileType = file.storyboard; name = Base; path = Base.lproj/LaunchScreen.storyboard; sourceTree = "<group>"; };
		2EF0202D217D516D005BFFEF /* News.playground */ = {isa = PBXFileReference; lastKnownFileType = file.playground; path = News.playground; sourceTree = "<group>"; xcLanguageSpecificationIdentifier = xcode.lang.swift; };
		3E429DC84725A8DEB6A4353D /* Pods_NewsTests.framework */ = {isa = PBXFileReference; explicitFileType = wrapper.framework; includeInIndex = 0; path = Pods_NewsTests.framework; sourceTree = BUILT_PRODUCTS_DIR; };
		85373B6E330D2010519E2ED0 /* Pods_NewsUI.framework */ = {isa = PBXFileReference; explicitFileType = wrapper.framework; includeInIndex = 0; path = Pods_NewsUI.framework; sourceTree = BUILT_PRODUCTS_DIR; };
		94E0D346C5F8ED4453416DBF /* Pods-NewsFrameworkTests.release.xcconfig */ = {isa = PBXFileReference; includeInIndex = 1; lastKnownFileType = text.xcconfig; name = "Pods-NewsFrameworkTests.release.xcconfig"; path = "Pods/Target Support Files/Pods-NewsFrameworkTests/Pods-NewsFrameworkTests.release.xcconfig"; sourceTree = "<group>"; };
		AFBE5977AA210ADA02A18B24 /* Pods-NewsFramework.release.xcconfig */ = {isa = PBXFileReference; includeInIndex = 1; lastKnownFileType = text.xcconfig; name = "Pods-NewsFramework.release.xcconfig"; path = "Pods/Target Support Files/Pods-NewsFramework/Pods-NewsFramework.release.xcconfig"; sourceTree = "<group>"; };
		C3D9B3A09C400FCD770EF102 /* Pods-News.release.xcconfig */ = {isa = PBXFileReference; includeInIndex = 1; lastKnownFileType = text.xcconfig; name = "Pods-News.release.xcconfig"; path = "Pods/Target Support Files/Pods-News/Pods-News.release.xcconfig"; sourceTree = "<group>"; };
		D8B1042C5CAAD8C5749B3D08 /* Pods-NewsFrameworkTests.debug.xcconfig */ = {isa = PBXFileReference; includeInIndex = 1; lastKnownFileType = text.xcconfig; name = "Pods-NewsFrameworkTests.debug.xcconfig"; path = "Pods/Target Support Files/Pods-NewsFrameworkTests/Pods-NewsFrameworkTests.debug.xcconfig"; sourceTree = "<group>"; };
		DF4140A957759A825EE5FDE8 /* Pods-NewsFramework.debug.xcconfig */ = {isa = PBXFileReference; includeInIndex = 1; lastKnownFileType = text.xcconfig; name = "Pods-NewsFramework.debug.xcconfig"; path = "Pods/Target Support Files/Pods-NewsFramework/Pods-NewsFramework.debug.xcconfig"; sourceTree = "<group>"; };
		EAEC144758E99776EF57C831 /* Pods_NewsFramework.framework */ = {isa = PBXFileReference; explicitFileType = wrapper.framework; includeInIndex = 0; path = Pods_NewsFramework.framework; sourceTree = BUILT_PRODUCTS_DIR; };
		F6A2677A05214809DF5CA6E5 /* Pods_NewsFrameworkTests.framework */ = {isa = PBXFileReference; explicitFileType = wrapper.framework; includeInIndex = 0; path = Pods_NewsFrameworkTests.framework; sourceTree = BUILT_PRODUCTS_DIR; };
		FB4AA945E148C68FD216AF65 /* Pods_News.framework */ = {isa = PBXFileReference; explicitFileType = wrapper.framework; includeInIndex = 0; path = Pods_News.framework; sourceTree = BUILT_PRODUCTS_DIR; };
/* End PBXFileReference section */

/* Begin PBXFrameworksBuildPhase section */
		1A6F308D221A040400980262 /* Frameworks */ = {
			isa = PBXFrameworksBuildPhase;
			buildActionMask = 2147483647;
			files = (
				C323DE2796AF1F2EA812EE19 /* Pods_NewsFramework.framework in Frameworks */,
			);
			runOnlyForDeploymentPostprocessing = 0;
		};
		1A6F3095221A040400980262 /* Frameworks */ = {
			isa = PBXFrameworksBuildPhase;
			buildActionMask = 2147483647;
			files = (
				1A6F3099221A040400980262 /* NewsFramework.framework in Frameworks */,
				B5D9E3FC172FBAE5D795EE36 /* Pods_NewsFrameworkTests.framework in Frameworks */,
			);
			runOnlyForDeploymentPostprocessing = 0;
		};
		1A83C0AC22D6CA9B00F41DFD /* Frameworks */ = {
			isa = PBXFrameworksBuildPhase;
			buildActionMask = 2147483647;
			files = (
			);
			runOnlyForDeploymentPostprocessing = 0;
		};
		1A8A47D01DED1F5800F408C5 /* Frameworks */ = {
			isa = PBXFrameworksBuildPhase;
			buildActionMask = 2147483647;
			files = (
				1A6F30A5221A040400980262 /* NewsFramework.framework in Frameworks */,
				1A83C0B622D6CA9C00F41DFD /* Prelude.framework in Frameworks */,
				55D6AF0587BFDB059CE29777 /* Pods_News.framework in Frameworks */,
			);
			runOnlyForDeploymentPostprocessing = 0;
		};
/* End PBXFrameworksBuildPhase section */

/* Begin PBXGroup section */
		1A29FACD22AF3B550014AEE0 /* Sources */ = {
			isa = PBXGroup;
			children = (
				1A29FAD022AF3CEF0014AEE0 /* SourcesViewController.swift */,
				1A29FACE22AF3B6B0014AEE0 /* SourcesViewModel.swift */,
				1A29FAD322AF3FDD0014AEE0 /* SourcesViewState.swift */,
			);
			path = Sources;
			sourceTree = "<group>";
		};
		1A29FAD222AF3DC30014AEE0 /* Sources */ = {
			isa = PBXGroup;
			children = (
			);
			path = Sources;
			sourceTree = "<group>";
		};
		1A6F3091221A040400980262 /* NewsFramework */ = {
			isa = PBXGroup;
			children = (
				1A6F3092221A040400980262 /* NewsFramework.h */,
				1A6F3093221A040400980262 /* Info.plist */,
				1A83C0A622D6C80100F41DFD /* Generated */,
				1A6F30BA221A052100980262 /* Helpers */,
				1A6F30CC221A052100980262 /* Models */,
				1A6F30D0221A052100980262 /* Modules */,
				1A6F30C2221A052100980262 /* Networking */,
				1A6F30C9221A052100980262 /* Prelude */,
				1A6F30E2221A052100980262 /* Secrets */,
				1A6F30AE221A052100980262 /* Services */,
				1A6F30BE221A052100980262 /* Utils */,
				1A6F30DC221A052100980262 /* Views */,
			);
			path = NewsFramework;
			sourceTree = "<group>";
		};
		1A6F309E221A040400980262 /* NewsFrameworkTests */ = {
			isa = PBXGroup;
			children = (
				1A6F30A1221A040400980262 /* Info.plist */,
				1A6F309F221A040400980262 /* NewsFrameworkTests.swift */,
				1A6F3117221A0B6A00980262 /* Fixtures */,
				1A6F310E221A0B6A00980262 /* Models */,
				1A6F3111221A0B6A00980262 /* Modules */,
				1A6F310C221A0B6A00980262 /* Networking */,
			);
			path = NewsFrameworkTests;
			sourceTree = "<group>";
		};
		1A6F30AE221A052100980262 /* Services */ = {
			isa = PBXGroup;
			children = (
				1A6F30AF221A052100980262 /* Cache */,
				1A6F30B3221A052100980262 /* ViewCounter */,
				1A6F30B6221A052100980262 /* FeatureFlagger */,
			);
			path = Services;
			sourceTree = "<group>";
		};
		1A6F30AF221A052100980262 /* Cache */ = {
			isa = PBXGroup;
			children = (
				1A6F30B0221A052100980262 /* CacheType.swift */,
				1A6F30B1221A052100980262 /* MemoryCache.swift */,
				1A6F30B2221A052100980262 /* Cacheable.swift */,
			);
			path = Cache;
			sourceTree = "<group>";
		};
		1A6F30B3221A052100980262 /* ViewCounter */ = {
			isa = PBXGroup;
			children = (
				1A6F30B4221A052100980262 /* ViewCounter.swift */,
				1A6F30B5221A052100980262 /* ViewCounterType.swift */,
			);
			path = ViewCounter;
			sourceTree = "<group>";
		};
		1A6F30B6221A052100980262 /* FeatureFlagger */ = {
			isa = PBXGroup;
			children = (
				1A6F30B7221A052100980262 /* FeatureFlaggerType.swift */,
				1A6F30B8221A052100980262 /* FeatureFlag.swift */,
				1A6F30B9221A052100980262 /* FeatureFlagger.swift */,
			);
			path = FeatureFlagger;
			sourceTree = "<group>";
		};
		1A6F30BA221A052100980262 /* Helpers */ = {
			isa = PBXGroup;
			children = (
				1A6F30BB221A052100980262 /* SingleSectionModel.swift */,
				1A6F30BC221A052100980262 /* UITableView+Register.swift */,
				1A6F30BD221A052100980262 /* StringHelper.swift */,
			);
			path = Helpers;
			sourceTree = "<group>";
		};
		1A6F30BE221A052100980262 /* Utils */ = {
			isa = PBXGroup;
			children = (
				1A6F30BF221A052100980262 /* CoordinatorType.swift */,
				1A6F30C0221A052100980262 /* ViewModel.swift */,
			);
			path = Utils;
			sourceTree = "<group>";
		};
		1A6F30C2221A052100980262 /* Networking */ = {
			isa = PBXGroup;
			children = (
				1A6F30C5221A052100980262 /* Networking.swift */,
				1A6F30C8221A052100980262 /* NewsApi.swift */,
				1A6F30C6221A052100980262 /* Requests */,
				1A6F30C3221A052100980262 /* Response */,
			);
			path = Networking;
			sourceTree = "<group>";
		};
		1A6F30C3221A052100980262 /* Response */ = {
			isa = PBXGroup;
			children = (
				1A29FAD722AF47070014AEE0 /* SourcesResponse.swift */,
				1A6F30C4221A052100980262 /* TopHeadlinesReponse.swift */,
			);
			path = Response;
			sourceTree = "<group>";
		};
		1A6F30C6221A052100980262 /* Requests */ = {
			isa = PBXGroup;
			children = (
				1A6F30C7221A052100980262 /* TopHeadlinesRequest.swift */,
			);
			path = Requests;
			sourceTree = "<group>";
		};
		1A6F30C9221A052100980262 /* Prelude */ = {
			isa = PBXGroup;
			children = (
				1A6F30CA221A052100980262 /* Prelude.swift */,
				1A6F30CB221A052100980262 /* Lens.swift */,
			);
			path = Prelude;
			sourceTree = "<group>";
		};
		1A6F30CC221A052100980262 /* Models */ = {
			isa = PBXGroup;
			children = (
				1A6F30CD221A052100980262 /* Source.swift */,
				1A6F30CF221A052100980262 /* Article.swift */,
			);
			path = Models;
			sourceTree = "<group>";
		};
		1A6F30D0221A052100980262 /* Modules */ = {
			isa = PBXGroup;
			children = (
				1A6F30D1221A052100980262 /* Root */,
			);
			path = Modules;
			sourceTree = "<group>";
		};
		1A6F30D1221A052100980262 /* Root */ = {
			isa = PBXGroup;
			children = (
				1A29FACD22AF3B550014AEE0 /* Sources */,
				1A6F30D2221A052100980262 /* ArticleList */,
				1A6F30D7221A052100980262 /* ArticleDetail */,
				1A6F30DB221A052100980262 /* RootCoordinator.swift */,
			);
			path = Root;
			sourceTree = "<group>";
		};
		1A6F30D2221A052100980262 /* ArticleList */ = {
			isa = PBXGroup;
			children = (
				1A6F30D4221A052100980262 /* ArticleListViewController.swift */,
				1A6F30D3221A052100980262 /* ArticleListViewModel.swift */,
				1A6F30D6221A052100980262 /* ArticleListViewState.swift */,
			);
			path = ArticleList;
			sourceTree = "<group>";
		};
		1A6F30D7221A052100980262 /* ArticleDetail */ = {
			isa = PBXGroup;
			children = (
				1A6F30D9221A052100980262 /* ArticleDetailViewController.swift */,
				1A6F30DA221A052100980262 /* ArticleDetailViewModel.swift */,
			);
			path = ArticleDetail;
			sourceTree = "<group>";
		};
		1A6F30DC221A052100980262 /* Views */ = {
			isa = PBXGroup;
			children = (
				1A6F3125221A1A1000980262 /* Styling */,
				1A6F30DD221A052100980262 /* Cells */,
			);
			path = Views;
			sourceTree = "<group>";
		};
		1A6F30DD221A052100980262 /* Cells */ = {
			isa = PBXGroup;
			children = (
				1A6F30DE221A052100980262 /* ArticleCell.swift */,
				1A6F30DF221A052100980262 /* ArticleViewCell.swift */,
				1A6F30E0221A052100980262 /* ErrorCell.swift */,
				1A6F30E1221A052100980262 /* LoadingCell.swift */,
				1A29FAD522AF457A0014AEE0 /* SourceCell.swift */,
			);
			path = Cells;
			sourceTree = "<group>";
		};
		1A6F30E2221A052100980262 /* Secrets */ = {
			isa = PBXGroup;
			children = (
				1A6F3123221A10FE00980262 /* Secrets.swift */,
				1A6F30E4221A052100980262 /* Secrets.swift.example */,
			);
			path = Secrets;
			sourceTree = "<group>";
		};
		1A6F310C221A0B6A00980262 /* Networking */ = {
			isa = PBXGroup;
			children = (
				1A6F310D221A0B6A00980262 /* Networking+Stubbing.swift */,
			);
			path = Networking;
			sourceTree = "<group>";
		};
		1A6F310E221A0B6A00980262 /* Models */ = {
			isa = PBXGroup;
			children = (
				1A6F310F221A0B6A00980262 /* SourceSpec.swift */,
				1A6F3110221A0B6A00980262 /* ArticleSpec.swift */,
			);
			path = Models;
			sourceTree = "<group>";
		};
		1A6F3111221A0B6A00980262 /* Modules */ = {
			isa = PBXGroup;
			children = (
				1A6F3112221A0B6A00980262 /* Root */,
			);
			path = Modules;
			sourceTree = "<group>";
		};
		1A6F3112221A0B6A00980262 /* Root */ = {
			isa = PBXGroup;
			children = (
				1A29FAD222AF3DC30014AEE0 /* Sources */,
				1A6F3113221A0B6A00980262 /* ArticleList */,
				1A6F3115221A0B6A00980262 /* ArticleDetail */,
			);
			path = Root;
			sourceTree = "<group>";
		};
		1A6F3113221A0B6A00980262 /* ArticleList */ = {
			isa = PBXGroup;
			children = (
				1A6F3114221A0B6A00980262 /* ArticleListViewModelSpec.swift */,
			);
			path = ArticleList;
			sourceTree = "<group>";
		};
		1A6F3115221A0B6A00980262 /* ArticleDetail */ = {
			isa = PBXGroup;
			children = (
				1A6F3116221A0B6A00980262 /* ArticleDetailViewModelSpec.swift */,
			);
			path = ArticleDetail;
			sourceTree = "<group>";
		};
		1A6F3117221A0B6A00980262 /* Fixtures */ = {
			isa = PBXGroup;
			children = (
				1A6F3118221A0B6A00980262 /* Article+Fixtures.swift */,
				1A6F3119221A0B6A00980262 /* TopHeadlinesResponse+Fixtures.swift */,
				1A6F311A221A0B6A00980262 /* Source+Fixtures.swift */,
			);
			path = Fixtures;
			sourceTree = "<group>";
		};
		1A6F3125221A1A1000980262 /* Styling */ = {
			isa = PBXGroup;
			children = (
				1A6F3128221A1AC400980262 /* Colors.swift */,
				1A6F3126221A1A1C00980262 /* Fonts.swift */,
				1A6F312A221A395700980262 /* Labels.swift */,
				1AEC31E0221A491100B3D372 /* Sizing.swift */,
			);
			path = Styling;
			sourceTree = "<group>";
		};
		1A83C0A622D6C80100F41DFD /* Generated */ = {
			isa = PBXGroup;
			children = (
				1A83C0BB22D6CAAF00F41DFD /* AutoLenses.generated.swift */,
				1A83C0A822D6CA2000F41DFD /* AutoLenses.swift */,
			);
			path = Generated;
			sourceTree = "<group>";
		};
		1A83C0B022D6CA9C00F41DFD /* Prelude */ = {
			isa = PBXGroup;
			children = (
				1A83C0B122D6CA9C00F41DFD /* Prelude.h */,
				1A83C0B222D6CA9C00F41DFD /* Info.plist */,
			);
			path = Prelude;
			sourceTree = "<group>";
		};
		1A8A47CA1DED1F5800F408C5 = {
			isa = PBXGroup;
			children = (
				1A8A47D51DED1F5800F408C5 /* News */,
				1A6F3091221A040400980262 /* NewsFramework */,
				1A6F309E221A040400980262 /* NewsFrameworkTests */,
				1A83C0B022D6CA9C00F41DFD /* Prelude */,
				1A8A47D41DED1F5800F408C5 /* Products */,
				54CC1DE07CFC0A5199AE3F3E /* Pods */,
				D11C79C69E8D45C20BDE74AF /* Frameworks */,
			);
			indentWidth = 2;
			sourceTree = "<group>";
			tabWidth = 2;
		};
		1A8A47D41DED1F5800F408C5 /* Products */ = {
			isa = PBXGroup;
			children = (
				1A8A47D31DED1F5800F408C5 /* News.app */,
				1A6F3090221A040400980262 /* NewsFramework.framework */,
				1A6F3098221A040400980262 /* NewsFrameworkTests.xctest */,
				1A83C0AF22D6CA9B00F41DFD /* Prelude.framework */,
			);
			name = Products;
			sourceTree = "<group>";
		};
		1A8A47D51DED1F5800F408C5 /* News */ = {
			isa = PBXGroup;
			children = (
				2EF0202D217D516D005BFFEF /* News.playground */,
				1A8A47E21DED1F5800F408C5 /* Info.plist */,
				1A8A47D61DED1F5800F408C5 /* AppDelegate.swift */,
				1A6F310A221A0B0200980262 /* Platform.swift */,
				2EF0201B217D24B3005BFFEF /* Resources */,
			);
			path = News;
			sourceTree = "<group>";
		};
		2EF0201B217D24B3005BFFEF /* Resources */ = {
			isa = PBXGroup;
			children = (
				2EF0201C217D24B3005BFFEF /* Assets.xcassets */,
				2EF0201D217D24B3005BFFEF /* LaunchScreen.storyboard */,
			);
			path = Resources;
			sourceTree = "<group>";
		};
		54CC1DE07CFC0A5199AE3F3E /* Pods */ = {
			isa = PBXGroup;
			children = (
				28AABB861DE06B7AFE189164 /* Pods-News.debug.xcconfig */,
				C3D9B3A09C400FCD770EF102 /* Pods-News.release.xcconfig */,
				0F2491B5691101B9621716A2 /* Pods-NewsTests.debug.xcconfig */,
				1008F923FBB96A6E8F88FC8A /* Pods-NewsTests.release.xcconfig */,
				1FEA26ED6590535C70716E78 /* Pods-NewsUI.debug.xcconfig */,
				29CDAB0D3F7FE05D4F3C5471 /* Pods-NewsUI.release.xcconfig */,
				DF4140A957759A825EE5FDE8 /* Pods-NewsFramework.debug.xcconfig */,
				AFBE5977AA210ADA02A18B24 /* Pods-NewsFramework.release.xcconfig */,
				D8B1042C5CAAD8C5749B3D08 /* Pods-NewsFrameworkTests.debug.xcconfig */,
				94E0D346C5F8ED4453416DBF /* Pods-NewsFrameworkTests.release.xcconfig */,
			);
			name = Pods;
			sourceTree = "<group>";
		};
		D11C79C69E8D45C20BDE74AF /* Frameworks */ = {
			isa = PBXGroup;
			children = (
				FB4AA945E148C68FD216AF65 /* Pods_News.framework */,
				3E429DC84725A8DEB6A4353D /* Pods_NewsTests.framework */,
				85373B6E330D2010519E2ED0 /* Pods_NewsUI.framework */,
				EAEC144758E99776EF57C831 /* Pods_NewsFramework.framework */,
				F6A2677A05214809DF5CA6E5 /* Pods_NewsFrameworkTests.framework */,
			);
			name = Frameworks;
			sourceTree = "<group>";
		};
/* End PBXGroup section */

/* Begin PBXHeadersBuildPhase section */
		1A6F308B221A040400980262 /* Headers */ = {
			isa = PBXHeadersBuildPhase;
			buildActionMask = 2147483647;
			files = (
				1A6F30A2221A040400980262 /* NewsFramework.h in Headers */,
			);
			runOnlyForDeploymentPostprocessing = 0;
		};
		1A83C0AA22D6CA9B00F41DFD /* Headers */ = {
			isa = PBXHeadersBuildPhase;
			buildActionMask = 2147483647;
			files = (
				1A83C0B322D6CA9C00F41DFD /* Prelude.h in Headers */,
			);
			runOnlyForDeploymentPostprocessing = 0;
		};
/* End PBXHeadersBuildPhase section */

/* Begin PBXNativeTarget section */
		1A6F308F221A040400980262 /* NewsFramework */ = {
			isa = PBXNativeTarget;
			buildConfigurationList = 1A6F30A7221A040400980262 /* Build configuration list for PBXNativeTarget "NewsFramework" */;
			buildPhases = (
				1A83C0BD22D6CB6E00F41DFD /* Run Sourcery */,
				82914AA38C5BC7BB508607FF /* [CP] Check Pods Manifest.lock */,
				1A6F308B221A040400980262 /* Headers */,
				1A6F308C221A040400980262 /* Sources */,
				1A6F308D221A040400980262 /* Frameworks */,
				1A6F308E221A040400980262 /* Resources */,
			);
			buildRules = (
			);
			dependencies = (
			);
			name = NewsFramework;
			productName = NewsFramework;
			productReference = 1A6F3090221A040400980262 /* NewsFramework.framework */;
			productType = "com.apple.product-type.framework";
		};
		1A6F3097221A040400980262 /* NewsFrameworkTests */ = {
			isa = PBXNativeTarget;
			buildConfigurationList = 1A6F30AB221A040400980262 /* Build configuration list for PBXNativeTarget "NewsFrameworkTests" */;
			buildPhases = (
				EA1C9F407597A8D4937F66B6 /* [CP] Check Pods Manifest.lock */,
				1A6F3094221A040400980262 /* Sources */,
				1A6F3095221A040400980262 /* Frameworks */,
				1A6F3096221A040400980262 /* Resources */,
				F252FC98008211F738DB65FE /* [CP] Embed Pods Frameworks */,
			);
			buildRules = (
			);
			dependencies = (
				1A6F309B221A040400980262 /* PBXTargetDependency */,
				1A6F309D221A040400980262 /* PBXTargetDependency */,
			);
			name = NewsFrameworkTests;
			productName = NewsFrameworkTests;
			productReference = 1A6F3098221A040400980262 /* NewsFrameworkTests.xctest */;
			productType = "com.apple.product-type.bundle.unit-test";
		};
		1A83C0AE22D6CA9B00F41DFD /* Prelude */ = {
			isa = PBXNativeTarget;
			buildConfigurationList = 1A83C0B822D6CA9C00F41DFD /* Build configuration list for PBXNativeTarget "Prelude" */;
			buildPhases = (
				1A83C0AA22D6CA9B00F41DFD /* Headers */,
				1A83C0AB22D6CA9B00F41DFD /* Sources */,
				1A83C0AC22D6CA9B00F41DFD /* Frameworks */,
				1A83C0AD22D6CA9B00F41DFD /* Resources */,
			);
			buildRules = (
			);
			dependencies = (
			);
			name = Prelude;
			productName = Prelude;
			productReference = 1A83C0AF22D6CA9B00F41DFD /* Prelude.framework */;
			productType = "com.apple.product-type.framework";
		};
		1A8A47D21DED1F5800F408C5 /* News */ = {
			isa = PBXNativeTarget;
			buildConfigurationList = 1A8A47F01DED1F5800F408C5 /* Build configuration list for PBXNativeTarget "News" */;
			buildPhases = (
				1A56B410300E9C5A4C93A797 /* [CP] Check Pods Manifest.lock */,
				587DB4513702700636A71D80 /* 📦 Check Pods Manifest.lock */,
				1A8A47CF1DED1F5800F408C5 /* Sources */,
				1A8A47D01DED1F5800F408C5 /* Frameworks */,
				1A8A47D11DED1F5800F408C5 /* Resources */,
				2AD9E6569B0A67BDCC9AFFF0 /* [CP] Embed Pods Frameworks */,
				1A6F30AA221A040400980262 /* Embed Frameworks */,
			);
			buildRules = (
			);
			dependencies = (
				1A6F30A4221A040400980262 /* PBXTargetDependency */,
				1A83C0B522D6CA9C00F41DFD /* PBXTargetDependency */,
			);
			name = News;
			productName = News;
			productReference = 1A8A47D31DED1F5800F408C5 /* News.app */;
			productType = "com.apple.product-type.application";
		};
/* End PBXNativeTarget section */

/* Begin PBXProject section */
		1A8A47CB1DED1F5800F408C5 /* Project object */ = {
			isa = PBXProject;
			attributes = {
				CLASSPREFIX = jpaol;
				LastSwiftUpdateCheck = 1010;
				LastUpgradeCheck = 0810;
				ORGANIZATIONNAME = J;
				TargetAttributes = {
					1A6F308F221A040400980262 = {
						CreatedOnToolsVersion = 10.1;
					};
					1A6F3097221A040400980262 = {
						CreatedOnToolsVersion = 10.1;
						TestTargetID = 1A8A47D21DED1F5800F408C5;
					};
					1A83C0AE22D6CA9B00F41DFD = {
						CreatedOnToolsVersion = 10.2.1;
					};
					1A8A47D21DED1F5800F408C5 = {
						CreatedOnToolsVersion = 8.1;
						LastSwiftMigration = 0810;
					};
				};
			};
			buildConfigurationList = 1A8A47CE1DED1F5800F408C5 /* Build configuration list for PBXProject "News" */;
			compatibilityVersion = "Xcode 10.0";
			developmentRegion = English;
			hasScannedForEncodings = 0;
			knownRegions = (
				English,
				en,
				Base,
			);
			mainGroup = 1A8A47CA1DED1F5800F408C5;
			productRefGroup = 1A8A47D41DED1F5800F408C5 /* Products */;
			projectDirPath = "";
			projectRoot = "";
			targets = (
				1A8A47D21DED1F5800F408C5 /* News */,
				1A6F308F221A040400980262 /* NewsFramework */,
				1A6F3097221A040400980262 /* NewsFrameworkTests */,
				1A83C0AE22D6CA9B00F41DFD /* Prelude */,
			);
		};
/* End PBXProject section */

/* Begin PBXResourcesBuildPhase section */
		1A6F308E221A040400980262 /* Resources */ = {
			isa = PBXResourcesBuildPhase;
			buildActionMask = 2147483647;
			files = (
				1A6F3109221A052100980262 /* Secrets.swift.example in Resources */,
			);
			runOnlyForDeploymentPostprocessing = 0;
		};
		1A6F3096221A040400980262 /* Resources */ = {
			isa = PBXResourcesBuildPhase;
			buildActionMask = 2147483647;
			files = (
			);
			runOnlyForDeploymentPostprocessing = 0;
		};
		1A83C0AD22D6CA9B00F41DFD /* Resources */ = {
			isa = PBXResourcesBuildPhase;
			buildActionMask = 2147483647;
			files = (
			);
			runOnlyForDeploymentPostprocessing = 0;
		};
		1A8A47D11DED1F5800F408C5 /* Resources */ = {
			isa = PBXResourcesBuildPhase;
			buildActionMask = 2147483647;
			files = (
				2EF02020217D24B3005BFFEF /* LaunchScreen.storyboard in Resources */,
				2EF0201F217D24B3005BFFEF /* Assets.xcassets in Resources */,
			);
			runOnlyForDeploymentPostprocessing = 0;
		};
/* End PBXResourcesBuildPhase section */

/* Begin PBXShellScriptBuildPhase section */
		1A56B410300E9C5A4C93A797 /* [CP] Check Pods Manifest.lock */ = {
			isa = PBXShellScriptBuildPhase;
			buildActionMask = 2147483647;
			files = (
			);
			inputFileListPaths = (
			);
			inputPaths = (
				"${PODS_PODFILE_DIR_PATH}/Podfile.lock",
				"${PODS_ROOT}/Manifest.lock",
			);
			name = "[CP] Check Pods Manifest.lock";
			outputFileListPaths = (
			);
			outputPaths = (
				"$(DERIVED_FILE_DIR)/Pods-News-checkManifestLockResult.txt",
			);
			runOnlyForDeploymentPostprocessing = 0;
			shellPath = /bin/sh;
			shellScript = "diff \"${PODS_PODFILE_DIR_PATH}/Podfile.lock\" \"${PODS_ROOT}/Manifest.lock\" > /dev/null\nif [ $? != 0 ] ; then\n    # print error to STDERR\n    echo \"error: The sandbox is not in sync with the Podfile.lock. Run 'pod install' or update your CocoaPods installation.\" >&2\n    exit 1\nfi\n# This output is used by Xcode 'outputs' to avoid re-running this script phase.\necho \"SUCCESS\" > \"${SCRIPT_OUTPUT_FILE_0}\"\n";
			showEnvVarsInLog = 0;
		};
		1A83C0BD22D6CB6E00F41DFD /* Run Sourcery */ = {
			isa = PBXShellScriptBuildPhase;
			buildActionMask = 2147483647;
			files = (
			);
			inputFileListPaths = (
			);
			inputPaths = (
			);
			name = "Run Sourcery";
			outputFileListPaths = (
			);
			outputPaths = (
			);
			runOnlyForDeploymentPostprocessing = 0;
			shellPath = /bin/sh;
			shellScript = "$SRCROOT/scripts/sourcery.sh\n";
		};
		2AD9E6569B0A67BDCC9AFFF0 /* [CP] Embed Pods Frameworks */ = {
			isa = PBXShellScriptBuildPhase;
			buildActionMask = 2147483647;
			files = (
			);
			inputFileListPaths = (
			);
			inputPaths = (
				"${PODS_ROOT}/Target Support Files/Pods-News/Pods-News-frameworks.sh",
				"${BUILT_PRODUCTS_DIR}/Alamofire/Alamofire.framework",
				"${BUILT_PRODUCTS_DIR}/Differentiator/Differentiator.framework",
				"${BUILT_PRODUCTS_DIR}/Moya/Moya.framework",
				"${BUILT_PRODUCTS_DIR}/Result/Result.framework",
				"${BUILT_PRODUCTS_DIR}/RxAtomic/RxAtomic.framework",
				"${BUILT_PRODUCTS_DIR}/RxCocoa/RxCocoa.framework",
				"${BUILT_PRODUCTS_DIR}/RxDataSources/RxDataSources.framework",
				"${BUILT_PRODUCTS_DIR}/RxSwift/RxSwift.framework",
				"${BUILT_PRODUCTS_DIR}/SnapKit/SnapKit.framework",
			);
			name = "[CP] Embed Pods Frameworks";
			outputFileListPaths = (
			);
			outputPaths = (
				"${TARGET_BUILD_DIR}/${FRAMEWORKS_FOLDER_PATH}/Alamofire.framework",
				"${TARGET_BUILD_DIR}/${FRAMEWORKS_FOLDER_PATH}/Differentiator.framework",
				"${TARGET_BUILD_DIR}/${FRAMEWORKS_FOLDER_PATH}/Moya.framework",
				"${TARGET_BUILD_DIR}/${FRAMEWORKS_FOLDER_PATH}/Result.framework",
				"${TARGET_BUILD_DIR}/${FRAMEWORKS_FOLDER_PATH}/RxAtomic.framework",
				"${TARGET_BUILD_DIR}/${FRAMEWORKS_FOLDER_PATH}/RxCocoa.framework",
				"${TARGET_BUILD_DIR}/${FRAMEWORKS_FOLDER_PATH}/RxDataSources.framework",
				"${TARGET_BUILD_DIR}/${FRAMEWORKS_FOLDER_PATH}/RxSwift.framework",
				"${TARGET_BUILD_DIR}/${FRAMEWORKS_FOLDER_PATH}/SnapKit.framework",
			);
			runOnlyForDeploymentPostprocessing = 0;
			shellPath = /bin/sh;
			shellScript = "\"${PODS_ROOT}/Target Support Files/Pods-News/Pods-News-frameworks.sh\"\n";
			showEnvVarsInLog = 0;
		};
		587DB4513702700636A71D80 /* 📦 Check Pods Manifest.lock */ = {
			isa = PBXShellScriptBuildPhase;
			buildActionMask = 2147483647;
			files = (
			);
			inputPaths = (
			);
			name = "📦 Check Pods Manifest.lock";
			outputPaths = (
			);
			runOnlyForDeploymentPostprocessing = 0;
			shellPath = /bin/sh;
			shellScript = "diff \"${PODS_ROOT}/../Podfile.lock\" \"${PODS_ROOT}/Manifest.lock\" > /dev/null\nif [[ $? != 0 ]] ; then\n    cat << EOM\nerror: The sandbox is not in sync with the Podfile.lock. Run 'pod install' or update your CocoaPods installation.\nEOM\n    exit 1\nfi\n";
			showEnvVarsInLog = 0;
		};
		82914AA38C5BC7BB508607FF /* [CP] Check Pods Manifest.lock */ = {
			isa = PBXShellScriptBuildPhase;
			buildActionMask = 2147483647;
			files = (
			);
			inputFileListPaths = (
			);
			inputPaths = (
				"${PODS_PODFILE_DIR_PATH}/Podfile.lock",
				"${PODS_ROOT}/Manifest.lock",
			);
			name = "[CP] Check Pods Manifest.lock";
			outputFileListPaths = (
			);
			outputPaths = (
				"$(DERIVED_FILE_DIR)/Pods-NewsFramework-checkManifestLockResult.txt",
			);
			runOnlyForDeploymentPostprocessing = 0;
			shellPath = /bin/sh;
			shellScript = "diff \"${PODS_PODFILE_DIR_PATH}/Podfile.lock\" \"${PODS_ROOT}/Manifest.lock\" > /dev/null\nif [ $? != 0 ] ; then\n    # print error to STDERR\n    echo \"error: The sandbox is not in sync with the Podfile.lock. Run 'pod install' or update your CocoaPods installation.\" >&2\n    exit 1\nfi\n# This output is used by Xcode 'outputs' to avoid re-running this script phase.\necho \"SUCCESS\" > \"${SCRIPT_OUTPUT_FILE_0}\"\n";
			showEnvVarsInLog = 0;
		};
		EA1C9F407597A8D4937F66B6 /* [CP] Check Pods Manifest.lock */ = {
			isa = PBXShellScriptBuildPhase;
			buildActionMask = 2147483647;
			files = (
			);
			inputFileListPaths = (
			);
			inputPaths = (
				"${PODS_PODFILE_DIR_PATH}/Podfile.lock",
				"${PODS_ROOT}/Manifest.lock",
			);
			name = "[CP] Check Pods Manifest.lock";
			outputFileListPaths = (
			);
			outputPaths = (
				"$(DERIVED_FILE_DIR)/Pods-NewsFrameworkTests-checkManifestLockResult.txt",
			);
			runOnlyForDeploymentPostprocessing = 0;
			shellPath = /bin/sh;
			shellScript = "diff \"${PODS_PODFILE_DIR_PATH}/Podfile.lock\" \"${PODS_ROOT}/Manifest.lock\" > /dev/null\nif [ $? != 0 ] ; then\n    # print error to STDERR\n    echo \"error: The sandbox is not in sync with the Podfile.lock. Run 'pod install' or update your CocoaPods installation.\" >&2\n    exit 1\nfi\n# This output is used by Xcode 'outputs' to avoid re-running this script phase.\necho \"SUCCESS\" > \"${SCRIPT_OUTPUT_FILE_0}\"\n";
			showEnvVarsInLog = 0;
		};
		F252FC98008211F738DB65FE /* [CP] Embed Pods Frameworks */ = {
			isa = PBXShellScriptBuildPhase;
			buildActionMask = 2147483647;
			files = (
			);
			inputFileListPaths = (
			);
			inputPaths = (
				"${PODS_ROOT}/Target Support Files/Pods-NewsFrameworkTests/Pods-NewsFrameworkTests-frameworks.sh",
				"${BUILT_PRODUCTS_DIR}/Nimble/Nimble.framework",
				"${BUILT_PRODUCTS_DIR}/Quick/Quick.framework",
			);
			name = "[CP] Embed Pods Frameworks";
			outputFileListPaths = (
			);
			outputPaths = (
				"${TARGET_BUILD_DIR}/${FRAMEWORKS_FOLDER_PATH}/Nimble.framework",
				"${TARGET_BUILD_DIR}/${FRAMEWORKS_FOLDER_PATH}/Quick.framework",
			);
			runOnlyForDeploymentPostprocessing = 0;
			shellPath = /bin/sh;
			shellScript = "\"${PODS_ROOT}/Target Support Files/Pods-NewsFrameworkTests/Pods-NewsFrameworkTests-frameworks.sh\"\n";
			showEnvVarsInLog = 0;
		};
/* End PBXShellScriptBuildPhase section */

/* Begin PBXSourcesBuildPhase section */
		1A6F308C221A040400980262 /* Sources */ = {
			isa = PBXSourcesBuildPhase;
			buildActionMask = 2147483647;
			files = (
				1A6F3129221A1AC400980262 /* Colors.swift in Sources */,
				1A6F30F3221A052100980262 /* TopHeadlinesReponse.swift in Sources */,
				1AEC31E1221A491100B3D372 /* Sizing.swift in Sources */,
				1A6F30FB221A052100980262 /* Article.swift in Sources */,
				1A6F3107221A052100980262 /* LoadingCell.swift in Sources */,
				1A6F3103221A052100980262 /* RootCoordinator.swift in Sources */,
				1A6F3124221A10FF00980262 /* Secrets.swift in Sources */,
				1A6F30E5221A052100980262 /* CacheType.swift in Sources */,
				1A6F3106221A052100980262 /* ErrorCell.swift in Sources */,
				1A6F30F4221A052100980262 /* Networking.swift in Sources */,
				1A6F30ED221A052100980262 /* SingleSectionModel.swift in Sources */,
				1A6F30F0221A052100980262 /* CoordinatorType.swift in Sources */,
				1A83C0BC22D6CAB000F41DFD /* AutoLenses.generated.swift in Sources */,
				1A29FAD422AF3FDD0014AEE0 /* SourcesViewState.swift in Sources */,
				1A6F30EF221A052100980262 /* StringHelper.swift in Sources */,
				1A6F30F6221A052100980262 /* NewsApi.swift in Sources */,
				1A6F30FF221A052100980262 /* ArticleListViewState.swift in Sources */,
				1A6F30E6221A052100980262 /* MemoryCache.swift in Sources */,
				1A6F30E9221A052100980262 /* ViewCounterType.swift in Sources */,
				1A6F30FD221A052100980262 /* ArticleListViewController.swift in Sources */,
				1A29FAD822AF47070014AEE0 /* SourcesResponse.swift in Sources */,
				1A6F3105221A052100980262 /* ArticleViewCell.swift in Sources */,
				1A29FAD622AF457A0014AEE0 /* SourceCell.swift in Sources */,
				1A83C0A922D6CA2000F41DFD /* AutoLenses.swift in Sources */,
				1A6F3104221A052100980262 /* ArticleCell.swift in Sources */,
				1A6F30EE221A052100980262 /* UITableView+Register.swift in Sources */,
				1A6F3127221A1A1C00980262 /* Fonts.swift in Sources */,
				1A6F30EC221A052100980262 /* FeatureFlagger.swift in Sources */,
				1A6F30EB221A052100980262 /* FeatureFlag.swift in Sources */,
				1A6F30F5221A052100980262 /* TopHeadlinesRequest.swift in Sources */,
				1A6F30E7221A052100980262 /* Cacheable.swift in Sources */,
				1A29FACF22AF3B6B0014AEE0 /* SourcesViewModel.swift in Sources */,
				1A6F30F1221A052100980262 /* ViewModel.swift in Sources */,
				1A6F30E8221A052100980262 /* ViewCounter.swift in Sources */,
				1A6F3101221A052100980262 /* ArticleDetailViewController.swift in Sources */,
				1A6F30F9221A052100980262 /* Source.swift in Sources */,
				1A6F30F7221A052100980262 /* Prelude.swift in Sources */,
				1A6F3102221A052100980262 /* ArticleDetailViewModel.swift in Sources */,
				1A6F312B221A395700980262 /* Labels.swift in Sources */,
				1A6F30FC221A052100980262 /* ArticleListViewModel.swift in Sources */,
				1A6F30EA221A052100980262 /* FeatureFlaggerType.swift in Sources */,
				1A6F30F8221A052100980262 /* Lens.swift in Sources */,
				1A29FAD122AF3CEF0014AEE0 /* SourcesViewController.swift in Sources */,
			);
			runOnlyForDeploymentPostprocessing = 0;
		};
		1A6F3094221A040400980262 /* Sources */ = {
			isa = PBXSourcesBuildPhase;
			buildActionMask = 2147483647;
			files = (
				1A6F311F221A0B6A00980262 /* ArticleDetailViewModelSpec.swift in Sources */,
				1A6F3120221A0B6A00980262 /* Article+Fixtures.swift in Sources */,
				1A6F3121221A0B6A00980262 /* TopHeadlinesResponse+Fixtures.swift in Sources */,
				1A6F3122221A0B6A00980262 /* Source+Fixtures.swift in Sources */,
				1A6F311E221A0B6A00980262 /* ArticleListViewModelSpec.swift in Sources */,
				1A6F311C221A0B6A00980262 /* SourceSpec.swift in Sources */,
				1A6F30A0221A040400980262 /* NewsFrameworkTests.swift in Sources */,
				1A6F311B221A0B6A00980262 /* Networking+Stubbing.swift in Sources */,
				1A6F311D221A0B6A00980262 /* ArticleSpec.swift in Sources */,
			);
			runOnlyForDeploymentPostprocessing = 0;
		};
		1A83C0AB22D6CA9B00F41DFD /* Sources */ = {
			isa = PBXSourcesBuildPhase;
			buildActionMask = 2147483647;
			files = (
			);
			runOnlyForDeploymentPostprocessing = 0;
		};
		1A8A47CF1DED1F5800F408C5 /* Sources */ = {
			isa = PBXSourcesBuildPhase;
			buildActionMask = 2147483647;
			files = (
				1A6F310B221A0B0200980262 /* Platform.swift in Sources */,
				1A8A47D71DED1F5800F408C5 /* AppDelegate.swift in Sources */,
			);
			runOnlyForDeploymentPostprocessing = 0;
		};
/* End PBXSourcesBuildPhase section */

/* Begin PBXTargetDependency section */
		1A6F309B221A040400980262 /* PBXTargetDependency */ = {
			isa = PBXTargetDependency;
			target = 1A6F308F221A040400980262 /* NewsFramework */;
			targetProxy = 1A6F309A221A040400980262 /* PBXContainerItemProxy */;
		};
		1A6F309D221A040400980262 /* PBXTargetDependency */ = {
			isa = PBXTargetDependency;
			target = 1A8A47D21DED1F5800F408C5 /* News */;
			targetProxy = 1A6F309C221A040400980262 /* PBXContainerItemProxy */;
		};
		1A6F30A4221A040400980262 /* PBXTargetDependency */ = {
			isa = PBXTargetDependency;
			target = 1A6F308F221A040400980262 /* NewsFramework */;
			targetProxy = 1A6F30A3221A040400980262 /* PBXContainerItemProxy */;
		};
		1A83C0B522D6CA9C00F41DFD /* PBXTargetDependency */ = {
			isa = PBXTargetDependency;
			target = 1A83C0AE22D6CA9B00F41DFD /* Prelude */;
			targetProxy = 1A83C0B422D6CA9C00F41DFD /* PBXContainerItemProxy */;
		};
/* End PBXTargetDependency section */

/* Begin PBXVariantGroup section */
		2EF0201D217D24B3005BFFEF /* LaunchScreen.storyboard */ = {
			isa = PBXVariantGroup;
			children = (
				2EF0201E217D24B3005BFFEF /* Base */,
			);
			name = LaunchScreen.storyboard;
			sourceTree = "<group>";
		};
/* End PBXVariantGroup section */

/* Begin XCBuildConfiguration section */
		1A6F30A8221A040400980262 /* Debug */ = {
			isa = XCBuildConfiguration;
			baseConfigurationReference = DF4140A957759A825EE5FDE8 /* Pods-NewsFramework.debug.xcconfig */;
			buildSettings = {
				CLANG_ANALYZER_NUMBER_OBJECT_CONVERSION = YES_AGGRESSIVE;
				CLANG_CXX_LANGUAGE_STANDARD = "gnu++14";
				CLANG_ENABLE_OBJC_WEAK = YES;
				CLANG_WARN_BLOCK_CAPTURE_AUTORELEASING = YES;
				CLANG_WARN_COMMA = YES;
				CLANG_WARN_DEPRECATED_OBJC_IMPLEMENTATIONS = YES;
				CLANG_WARN_NON_LITERAL_NULL_CONVERSION = YES;
				CLANG_WARN_OBJC_IMPLICIT_RETAIN_SELF = YES;
				CLANG_WARN_OBJC_LITERAL_CONVERSION = YES;
				CLANG_WARN_RANGE_LOOP_ANALYSIS = YES;
				CLANG_WARN_STRICT_PROTOTYPES = YES;
				CLANG_WARN_SUSPICIOUS_MOVE = YES;
				CLANG_WARN_UNGUARDED_AVAILABILITY = YES_AGGRESSIVE;
				CODE_SIGN_IDENTITY = "iPhone Developer";
				CODE_SIGN_STYLE = Automatic;
				CURRENT_PROJECT_VERSION = 1;
				DEFINES_MODULE = YES;
				DEVELOPMENT_TEAM = "";
				DYLIB_COMPATIBILITY_VERSION = 1;
				DYLIB_CURRENT_VERSION = 1;
				DYLIB_INSTALL_NAME_BASE = "@rpath";
				GCC_C_LANGUAGE_STANDARD = gnu11;
				INFOPLIST_FILE = NewsFramework/Info.plist;
				INSTALL_PATH = "$(LOCAL_LIBRARY_DIR)/Frameworks";
				LD_RUNPATH_SEARCH_PATHS = (
					"$(inherited)",
					"@executable_path/Frameworks",
					"@loader_path/Frameworks",
				);
				MTL_ENABLE_DEBUG_INFO = INCLUDE_SOURCE;
				MTL_FAST_MATH = YES;
				PRODUCT_BUNDLE_IDENTIFIER = com.jim.NewsFramework;
				PRODUCT_NAME = "$(TARGET_NAME:c99extidentifier)";
				SKIP_INSTALL = YES;
				SWIFT_VERSION = 4.2;
				TARGETED_DEVICE_FAMILY = "1,2";
				VERSIONING_SYSTEM = "apple-generic";
				VERSION_INFO_PREFIX = "";
			};
			name = Debug;
		};
		1A6F30A9221A040400980262 /* Release */ = {
			isa = XCBuildConfiguration;
			baseConfigurationReference = AFBE5977AA210ADA02A18B24 /* Pods-NewsFramework.release.xcconfig */;
			buildSettings = {
				CLANG_ANALYZER_NUMBER_OBJECT_CONVERSION = YES_AGGRESSIVE;
				CLANG_CXX_LANGUAGE_STANDARD = "gnu++14";
				CLANG_ENABLE_OBJC_WEAK = YES;
				CLANG_WARN_BLOCK_CAPTURE_AUTORELEASING = YES;
				CLANG_WARN_COMMA = YES;
				CLANG_WARN_DEPRECATED_OBJC_IMPLEMENTATIONS = YES;
				CLANG_WARN_NON_LITERAL_NULL_CONVERSION = YES;
				CLANG_WARN_OBJC_IMPLICIT_RETAIN_SELF = YES;
				CLANG_WARN_OBJC_LITERAL_CONVERSION = YES;
				CLANG_WARN_RANGE_LOOP_ANALYSIS = YES;
				CLANG_WARN_STRICT_PROTOTYPES = YES;
				CLANG_WARN_SUSPICIOUS_MOVE = YES;
				CLANG_WARN_UNGUARDED_AVAILABILITY = YES_AGGRESSIVE;
				CODE_SIGN_IDENTITY = "iPhone Developer";
				CODE_SIGN_STYLE = Automatic;
				CURRENT_PROJECT_VERSION = 1;
				DEFINES_MODULE = YES;
				DEVELOPMENT_TEAM = "";
				DYLIB_COMPATIBILITY_VERSION = 1;
				DYLIB_CURRENT_VERSION = 1;
				DYLIB_INSTALL_NAME_BASE = "@rpath";
				GCC_C_LANGUAGE_STANDARD = gnu11;
				INFOPLIST_FILE = NewsFramework/Info.plist;
				INSTALL_PATH = "$(LOCAL_LIBRARY_DIR)/Frameworks";
				LD_RUNPATH_SEARCH_PATHS = (
					"$(inherited)",
					"@executable_path/Frameworks",
					"@loader_path/Frameworks",
				);
				MTL_FAST_MATH = YES;
				PRODUCT_BUNDLE_IDENTIFIER = com.jim.NewsFramework;
				PRODUCT_NAME = "$(TARGET_NAME:c99extidentifier)";
				SKIP_INSTALL = YES;
				SWIFT_VERSION = 4.2;
				TARGETED_DEVICE_FAMILY = "1,2";
				VERSIONING_SYSTEM = "apple-generic";
				VERSION_INFO_PREFIX = "";
			};
			name = Release;
		};
		1A6F30AC221A040400980262 /* Debug */ = {
			isa = XCBuildConfiguration;
			baseConfigurationReference = D8B1042C5CAAD8C5749B3D08 /* Pods-NewsFrameworkTests.debug.xcconfig */;
			buildSettings = {
				ALWAYS_EMBED_SWIFT_STANDARD_LIBRARIES = YES;
				CLANG_ANALYZER_NUMBER_OBJECT_CONVERSION = YES_AGGRESSIVE;
				CLANG_CXX_LANGUAGE_STANDARD = "gnu++14";
				CLANG_ENABLE_OBJC_WEAK = YES;
				CLANG_WARN_BLOCK_CAPTURE_AUTORELEASING = YES;
				CLANG_WARN_COMMA = YES;
				CLANG_WARN_DEPRECATED_OBJC_IMPLEMENTATIONS = YES;
				CLANG_WARN_NON_LITERAL_NULL_CONVERSION = YES;
				CLANG_WARN_OBJC_IMPLICIT_RETAIN_SELF = YES;
				CLANG_WARN_OBJC_LITERAL_CONVERSION = YES;
				CLANG_WARN_RANGE_LOOP_ANALYSIS = YES;
				CLANG_WARN_STRICT_PROTOTYPES = YES;
				CLANG_WARN_SUSPICIOUS_MOVE = YES;
				CLANG_WARN_UNGUARDED_AVAILABILITY = YES_AGGRESSIVE;
				CODE_SIGN_IDENTITY = "iPhone Developer";
				CODE_SIGN_STYLE = Automatic;
				GCC_C_LANGUAGE_STANDARD = gnu11;
				INFOPLIST_FILE = NewsFrameworkTests/Info.plist;
				IPHONEOS_DEPLOYMENT_TARGET = 12.1;
				LD_RUNPATH_SEARCH_PATHS = (
					"$(inherited)",
					"@executable_path/Frameworks",
					"@loader_path/Frameworks",
				);
				MTL_ENABLE_DEBUG_INFO = INCLUDE_SOURCE;
				MTL_FAST_MATH = YES;
				PRODUCT_BUNDLE_IDENTIFIER = com.jim.NewsFrameworkTests;
				PRODUCT_NAME = "$(TARGET_NAME)";
				SWIFT_VERSION = 4.2;
				TARGETED_DEVICE_FAMILY = "1,2";
				TEST_HOST = "$(BUILT_PRODUCTS_DIR)/News.app/News";
			};
			name = Debug;
		};
		1A6F30AD221A040400980262 /* Release */ = {
			isa = XCBuildConfiguration;
			baseConfigurationReference = 94E0D346C5F8ED4453416DBF /* Pods-NewsFrameworkTests.release.xcconfig */;
			buildSettings = {
				ALWAYS_EMBED_SWIFT_STANDARD_LIBRARIES = YES;
				CLANG_ANALYZER_NUMBER_OBJECT_CONVERSION = YES_AGGRESSIVE;
				CLANG_CXX_LANGUAGE_STANDARD = "gnu++14";
				CLANG_ENABLE_OBJC_WEAK = YES;
				CLANG_WARN_BLOCK_CAPTURE_AUTORELEASING = YES;
				CLANG_WARN_COMMA = YES;
				CLANG_WARN_DEPRECATED_OBJC_IMPLEMENTATIONS = YES;
				CLANG_WARN_NON_LITERAL_NULL_CONVERSION = YES;
				CLANG_WARN_OBJC_IMPLICIT_RETAIN_SELF = YES;
				CLANG_WARN_OBJC_LITERAL_CONVERSION = YES;
				CLANG_WARN_RANGE_LOOP_ANALYSIS = YES;
				CLANG_WARN_STRICT_PROTOTYPES = YES;
				CLANG_WARN_SUSPICIOUS_MOVE = YES;
				CLANG_WARN_UNGUARDED_AVAILABILITY = YES_AGGRESSIVE;
				CODE_SIGN_IDENTITY = "iPhone Developer";
				CODE_SIGN_STYLE = Automatic;
				GCC_C_LANGUAGE_STANDARD = gnu11;
				INFOPLIST_FILE = NewsFrameworkTests/Info.plist;
				IPHONEOS_DEPLOYMENT_TARGET = 12.1;
				LD_RUNPATH_SEARCH_PATHS = (
					"$(inherited)",
					"@executable_path/Frameworks",
					"@loader_path/Frameworks",
				);
				MTL_FAST_MATH = YES;
				PRODUCT_BUNDLE_IDENTIFIER = com.jim.NewsFrameworkTests;
				PRODUCT_NAME = "$(TARGET_NAME)";
				SWIFT_VERSION = 4.2;
				TARGETED_DEVICE_FAMILY = "1,2";
				TEST_HOST = "$(BUILT_PRODUCTS_DIR)/News.app/News";
			};
			name = Release;
		};
		1A83C0B922D6CA9C00F41DFD /* Debug */ = {
			isa = XCBuildConfiguration;
			buildSettings = {
				CLANG_ANALYZER_NUMBER_OBJECT_CONVERSION = YES_AGGRESSIVE;
				CLANG_CXX_LANGUAGE_STANDARD = "gnu++14";
				CLANG_ENABLE_OBJC_WEAK = YES;
				CLANG_WARN_BLOCK_CAPTURE_AUTORELEASING = YES;
				CLANG_WARN_COMMA = YES;
				CLANG_WARN_DEPRECATED_OBJC_IMPLEMENTATIONS = YES;
				CLANG_WARN_NON_LITERAL_NULL_CONVERSION = YES;
				CLANG_WARN_OBJC_IMPLICIT_RETAIN_SELF = YES;
				CLANG_WARN_OBJC_LITERAL_CONVERSION = YES;
				CLANG_WARN_RANGE_LOOP_ANALYSIS = YES;
				CLANG_WARN_STRICT_PROTOTYPES = YES;
				CLANG_WARN_SUSPICIOUS_MOVE = YES;
				CLANG_WARN_UNGUARDED_AVAILABILITY = YES_AGGRESSIVE;
				CODE_SIGN_IDENTITY = "iPhone Developer";
				CODE_SIGN_STYLE = Automatic;
				CURRENT_PROJECT_VERSION = 1;
				DEFINES_MODULE = YES;
				DEVELOPMENT_TEAM = "";
				DYLIB_COMPATIBILITY_VERSION = 1;
				DYLIB_CURRENT_VERSION = 1;
				DYLIB_INSTALL_NAME_BASE = "@rpath";
				GCC_C_LANGUAGE_STANDARD = gnu11;
				INFOPLIST_FILE = Prelude/Info.plist;
				INSTALL_PATH = "$(LOCAL_LIBRARY_DIR)/Frameworks";
				IPHONEOS_DEPLOYMENT_TARGET = 12.2;
				LD_RUNPATH_SEARCH_PATHS = (
					"$(inherited)",
					"@executable_path/Frameworks",
					"@loader_path/Frameworks",
				);
				MTL_ENABLE_DEBUG_INFO = INCLUDE_SOURCE;
				MTL_FAST_MATH = YES;
				PRODUCT_BUNDLE_IDENTIFIER = com.jpaol.Prelude;
				PRODUCT_NAME = "$(TARGET_NAME:c99extidentifier)";
				SKIP_INSTALL = YES;
				SWIFT_VERSION = 5.0;
				TARGETED_DEVICE_FAMILY = "1,2";
				VERSIONING_SYSTEM = "apple-generic";
				VERSION_INFO_PREFIX = "";
			};
			name = Debug;
		};
		1A83C0BA22D6CA9C00F41DFD /* Release */ = {
			isa = XCBuildConfiguration;
			buildSettings = {
				CLANG_ANALYZER_NUMBER_OBJECT_CONVERSION = YES_AGGRESSIVE;
				CLANG_CXX_LANGUAGE_STANDARD = "gnu++14";
				CLANG_ENABLE_OBJC_WEAK = YES;
				CLANG_WARN_BLOCK_CAPTURE_AUTORELEASING = YES;
				CLANG_WARN_COMMA = YES;
				CLANG_WARN_DEPRECATED_OBJC_IMPLEMENTATIONS = YES;
				CLANG_WARN_NON_LITERAL_NULL_CONVERSION = YES;
				CLANG_WARN_OBJC_IMPLICIT_RETAIN_SELF = YES;
				CLANG_WARN_OBJC_LITERAL_CONVERSION = YES;
				CLANG_WARN_RANGE_LOOP_ANALYSIS = YES;
				CLANG_WARN_STRICT_PROTOTYPES = YES;
				CLANG_WARN_SUSPICIOUS_MOVE = YES;
				CLANG_WARN_UNGUARDED_AVAILABILITY = YES_AGGRESSIVE;
				CODE_SIGN_IDENTITY = "iPhone Developer";
				CODE_SIGN_STYLE = Automatic;
				CURRENT_PROJECT_VERSION = 1;
				DEFINES_MODULE = YES;
				DEVELOPMENT_TEAM = "";
				DYLIB_COMPATIBILITY_VERSION = 1;
				DYLIB_CURRENT_VERSION = 1;
				DYLIB_INSTALL_NAME_BASE = "@rpath";
				GCC_C_LANGUAGE_STANDARD = gnu11;
				INFOPLIST_FILE = Prelude/Info.plist;
				INSTALL_PATH = "$(LOCAL_LIBRARY_DIR)/Frameworks";
				IPHONEOS_DEPLOYMENT_TARGET = 12.2;
				LD_RUNPATH_SEARCH_PATHS = (
					"$(inherited)",
					"@executable_path/Frameworks",
					"@loader_path/Frameworks",
				);
				MTL_FAST_MATH = YES;
				PRODUCT_BUNDLE_IDENTIFIER = com.jpaol.Prelude;
				PRODUCT_NAME = "$(TARGET_NAME:c99extidentifier)";
				SKIP_INSTALL = YES;
				SWIFT_VERSION = 5.0;
				TARGETED_DEVICE_FAMILY = "1,2";
				VERSIONING_SYSTEM = "apple-generic";
				VERSION_INFO_PREFIX = "";
			};
			name = Release;
		};
		1A8A47EE1DED1F5800F408C5 /* Debug */ = {
			isa = XCBuildConfiguration;
			buildSettings = {
				ALWAYS_SEARCH_USER_PATHS = NO;
				CLANG_ANALYZER_NONNULL = YES;
				CLANG_CXX_LANGUAGE_STANDARD = "gnu++0x";
				CLANG_CXX_LIBRARY = "libc++";
				CLANG_ENABLE_MODULES = YES;
				CLANG_ENABLE_OBJC_ARC = YES;
				CLANG_WARN_BOOL_CONVERSION = YES;
				CLANG_WARN_CONSTANT_CONVERSION = YES;
				CLANG_WARN_DIRECT_OBJC_ISA_USAGE = YES_ERROR;
				CLANG_WARN_DOCUMENTATION_COMMENTS = YES;
				CLANG_WARN_EMPTY_BODY = YES;
				CLANG_WARN_ENUM_CONVERSION = YES;
				CLANG_WARN_INFINITE_RECURSION = YES;
				CLANG_WARN_INT_CONVERSION = YES;
				CLANG_WARN_OBJC_ROOT_CLASS = YES_ERROR;
				CLANG_WARN_SUSPICIOUS_MOVES = YES;
				CLANG_WARN_UNREACHABLE_CODE = YES;
				CLANG_WARN__DUPLICATE_METHOD_MATCH = YES;
				"CODE_SIGN_IDENTITY[sdk=iphoneos*]" = "iPhone Developer";
				COPY_PHASE_STRIP = NO;
				DEBUG_INFORMATION_FORMAT = dwarf;
				ENABLE_STRICT_OBJC_MSGSEND = YES;
				ENABLE_TESTABILITY = YES;
				GCC_C_LANGUAGE_STANDARD = gnu99;
				GCC_DYNAMIC_NO_PIC = NO;
				GCC_NO_COMMON_BLOCKS = YES;
				GCC_OPTIMIZATION_LEVEL = 0;
				GCC_PREPROCESSOR_DEFINITIONS = (
					"DEBUG=1",
					"$(inherited)",
				);
				GCC_WARN_64_TO_32_BIT_CONVERSION = YES;
				GCC_WARN_ABOUT_RETURN_TYPE = YES_ERROR;
				GCC_WARN_UNDECLARED_SELECTOR = YES;
				GCC_WARN_UNINITIALIZED_AUTOS = YES_AGGRESSIVE;
				GCC_WARN_UNUSED_FUNCTION = YES;
				GCC_WARN_UNUSED_VARIABLE = YES;
				IPHONEOS_DEPLOYMENT_TARGET = 10.1;
				MTL_ENABLE_DEBUG_INFO = YES;
				ONLY_ACTIVE_ARCH = YES;
				SDKROOT = iphoneos;
				SWIFT_ACTIVE_COMPILATION_CONDITIONS = DEBUG;
				SWIFT_OPTIMIZATION_LEVEL = "-Onone";
				TARGETED_DEVICE_FAMILY = "1,2";
			};
			name = Debug;
		};
		1A8A47EF1DED1F5800F408C5 /* Release */ = {
			isa = XCBuildConfiguration;
			buildSettings = {
				ALWAYS_SEARCH_USER_PATHS = NO;
				CLANG_ANALYZER_NONNULL = YES;
				CLANG_CXX_LANGUAGE_STANDARD = "gnu++0x";
				CLANG_CXX_LIBRARY = "libc++";
				CLANG_ENABLE_MODULES = YES;
				CLANG_ENABLE_OBJC_ARC = YES;
				CLANG_WARN_BOOL_CONVERSION = YES;
				CLANG_WARN_CONSTANT_CONVERSION = YES;
				CLANG_WARN_DIRECT_OBJC_ISA_USAGE = YES_ERROR;
				CLANG_WARN_DOCUMENTATION_COMMENTS = YES;
				CLANG_WARN_EMPTY_BODY = YES;
				CLANG_WARN_ENUM_CONVERSION = YES;
				CLANG_WARN_INFINITE_RECURSION = YES;
				CLANG_WARN_INT_CONVERSION = YES;
				CLANG_WARN_OBJC_ROOT_CLASS = YES_ERROR;
				CLANG_WARN_SUSPICIOUS_MOVES = YES;
				CLANG_WARN_UNREACHABLE_CODE = YES;
				CLANG_WARN__DUPLICATE_METHOD_MATCH = YES;
				"CODE_SIGN_IDENTITY[sdk=iphoneos*]" = "iPhone Developer";
				COPY_PHASE_STRIP = NO;
				DEBUG_INFORMATION_FORMAT = "dwarf-with-dsym";
				ENABLE_NS_ASSERTIONS = NO;
				ENABLE_STRICT_OBJC_MSGSEND = YES;
				GCC_C_LANGUAGE_STANDARD = gnu99;
				GCC_NO_COMMON_BLOCKS = YES;
				GCC_WARN_64_TO_32_BIT_CONVERSION = YES;
				GCC_WARN_ABOUT_RETURN_TYPE = YES_ERROR;
				GCC_WARN_UNDECLARED_SELECTOR = YES;
				GCC_WARN_UNINITIALIZED_AUTOS = YES_AGGRESSIVE;
				GCC_WARN_UNUSED_FUNCTION = YES;
				GCC_WARN_UNUSED_VARIABLE = YES;
				IPHONEOS_DEPLOYMENT_TARGET = 10.1;
				MTL_ENABLE_DEBUG_INFO = NO;
				SDKROOT = iphoneos;
				SWIFT_COMPILATION_MODE = wholemodule;
				SWIFT_OPTIMIZATION_LEVEL = "-O";
				TARGETED_DEVICE_FAMILY = "1,2";
				VALIDATE_PRODUCT = YES;
			};
			name = Release;
		};
		1A8A47F11DED1F5800F408C5 /* Debug */ = {
			isa = XCBuildConfiguration;
			baseConfigurationReference = 28AABB861DE06B7AFE189164 /* Pods-News.debug.xcconfig */;
			buildSettings = {
				ALWAYS_EMBED_SWIFT_STANDARD_LIBRARIES = YES;
				ASSETCATALOG_COMPILER_APPICON_NAME = AppIcon;
				CODE_SIGN_IDENTITY = "iPhone Developer";
				CODE_SIGN_STYLE = Manual;
				DEVELOPMENT_TEAM = "";
				INFOPLIST_FILE = News/Info.plist;
				LD_RUNPATH_SEARCH_PATHS = (
					"$(inherited)",
					"@executable_path/Frameworks",
				);
				PRODUCT_BUNDLE_IDENTIFIER = com.jpaol.news;
				PRODUCT_NAME = "$(TARGET_NAME)";
				PROVISIONING_PROFILE_SPECIFIER = "";
				SWIFT_VERSION = 4.2;
			};
			name = Debug;
		};
		1A8A47F21DED1F5800F408C5 /* Release */ = {
			isa = XCBuildConfiguration;
			baseConfigurationReference = C3D9B3A09C400FCD770EF102 /* Pods-News.release.xcconfig */;
			buildSettings = {
				ALWAYS_EMBED_SWIFT_STANDARD_LIBRARIES = YES;
				ASSETCATALOG_COMPILER_APPICON_NAME = AppIcon;
				CODE_SIGN_IDENTITY = "iPhone Developer";
				CODE_SIGN_STYLE = Manual;
				DEVELOPMENT_TEAM = "";
				INFOPLIST_FILE = News/Info.plist;
				LD_RUNPATH_SEARCH_PATHS = (
					"$(inherited)",
					"@executable_path/Frameworks",
				);
				PRODUCT_BUNDLE_IDENTIFIER = com.jpaol.news;
				PRODUCT_NAME = "$(TARGET_NAME)";
				PROVISIONING_PROFILE_SPECIFIER = "";
				SWIFT_VERSION = 4.2;
			};
			name = Release;
		};
/* End XCBuildConfiguration section */

/* Begin XCConfigurationList section */
		1A6F30A7221A040400980262 /* Build configuration list for PBXNativeTarget "NewsFramework" */ = {
			isa = XCConfigurationList;
			buildConfigurations = (
				1A6F30A8221A040400980262 /* Debug */,
				1A6F30A9221A040400980262 /* Release */,
			);
			defaultConfigurationIsVisible = 0;
			defaultConfigurationName = Release;
		};
		1A6F30AB221A040400980262 /* Build configuration list for PBXNativeTarget "NewsFrameworkTests" */ = {
			isa = XCConfigurationList;
			buildConfigurations = (
				1A6F30AC221A040400980262 /* Debug */,
				1A6F30AD221A040400980262 /* Release */,
			);
			defaultConfigurationIsVisible = 0;
			defaultConfigurationName = Release;
		};
		1A83C0B822D6CA9C00F41DFD /* Build configuration list for PBXNativeTarget "Prelude" */ = {
			isa = XCConfigurationList;
			buildConfigurations = (
				1A83C0B922D6CA9C00F41DFD /* Debug */,
				1A83C0BA22D6CA9C00F41DFD /* Release */,
			);
			defaultConfigurationIsVisible = 0;
			defaultConfigurationName = Release;
		};
		1A8A47CE1DED1F5800F408C5 /* Build configuration list for PBXProject "News" */ = {
			isa = XCConfigurationList;
			buildConfigurations = (
				1A8A47EE1DED1F5800F408C5 /* Debug */,
				1A8A47EF1DED1F5800F408C5 /* Release */,
			);
			defaultConfigurationIsVisible = 0;
			defaultConfigurationName = Release;
		};
		1A8A47F01DED1F5800F408C5 /* Build configuration list for PBXNativeTarget "News" */ = {
			isa = XCConfigurationList;
			buildConfigurations = (
				1A8A47F11DED1F5800F408C5 /* Debug */,
				1A8A47F21DED1F5800F408C5 /* Release */,
			);
			defaultConfigurationIsVisible = 0;
			defaultConfigurationName = Release;
		};
/* End XCConfigurationList section */
	};
	rootObject = 1A8A47CB1DED1F5800F408C5 /* Project object */;
}
